// !$*UTF8*$!
{
	archiveVersion = 1;
	classes = {
	};
	objectVersion = 77;
	objects = {

/* Begin PBXBuildFile section */
		02D0D0C9884E589507EFE730 /* BackupService.swift in Sources */ = {isa = PBXBuildFile; fileRef = 913E471CBA713001F385716D /* BackupService.swift */; };
		059E593A50A7F10FCB72C5B6 /* NotesNavigation.swift in Sources */ = {isa = PBXBuildFile; fileRef = B7A5570F2C62C9A73E4F1ED7 /* NotesNavigation.swift */; };
		0680B43FC7FAE7F5CC0E8D52 /* Assets.xcassets in Resources */ = {isa = PBXBuildFile; fileRef = CEEDBD645D6620FD7D055BF6 /* Assets.xcassets */; };
		0687742BC216D31053B9A815 /* CardRow.swift in Sources */ = {isa = PBXBuildFile; fileRef = 43359355A0A7079AF77BC1A9 /* CardRow.swift */; };
		07BE7C23C410B92065C2DB70 /* TestStore.swift in Sources */ = {isa = PBXBuildFile; fileRef = D290C0256CB30E048474D412 /* TestStore.swift */; };
		0869A8039E6AD830B91307F6 /* TypstEngineTests.swift in Sources */ = {isa = PBXBuildFile; fileRef = CE8A429EB1BEE24FFE9CE16C /* TypstEngineTests.swift */; };
		0B7C278F2D61005B689116AD /* SubjectIcons+Sciences.swift in Sources */ = {isa = PBXBuildFile; fileRef = 92DEFE3E9033C1A73B7A60BB /* SubjectIcons+Sciences.swift */; };
		0BFCAAB456A60101B0760F89 /* ImageAttachment.swift in Sources */ = {isa = PBXBuildFile; fileRef = 263980D52455E1C8F51A106D /* ImageAttachment.swift */; };
		110CFD04763FBAE1D6C46BD8 /* LivePerformanceTests.swift in Sources */ = {isa = PBXBuildFile; fileRef = 8EBA7916C8227395AC5B4A57 /* LivePerformanceTests.swift */; };
		1530F51EA72ABD44CA007034 /* Flashcard.swift in Sources */ = {isa = PBXBuildFile; fileRef = 73C16DF9943FC0278AB4985E /* Flashcard.swift */; };
		18122817421751BC644D80BB /* InkText.swift in Sources */ = {isa = PBXBuildFile; fileRef = 48884F3A496DF7412F048BD7 /* InkText.swift */; };
		18B44B3E651531E927A35A39 /* NoteRow.swift in Sources */ = {isa = PBXBuildFile; fileRef = 1B7334397D719E6AD2D59D3D /* NoteRow.swift */; };
		19069CECCA4E81CF614E70F2 /* LiveAttributes.swift in Sources */ = {isa = PBXBuildFile; fileRef = DE853FE8EF095AB9CB7DF9A9 /* LiveAttributes.swift */; };
		19FD03CC87C582DD051AF70B /* OfflineAttachmentLoader.swift in Sources */ = {isa = PBXBuildFile; fileRef = 1888021129F6DC0B39144A81 /* OfflineAttachmentLoader.swift */; };
		1C5EDC398E974C2E1EEADDC1 /* InkPencil.swift in Sources */ = {isa = PBXBuildFile; fileRef = 29A01082DADBF34A7BB90FB1 /* InkPencil.swift */; };
		1E4D4541793BEF1485AE1EBB /* StudyQueueTests.swift in Sources */ = {isa = PBXBuildFile; fileRef = 1094BA94AB0FA576E2719827 /* StudyQueueTests.swift */; };
		2186EA12EDEF5D164D4C50DC /* StudySetupSheet.swift in Sources */ = {isa = PBXBuildFile; fileRef = 17CC62A0E6A629ABDA580F04 /* StudySetupSheet.swift */; };
		2491E2258A75792464F48C33 /* LiveRestyleTests.swift in Sources */ = {isa = PBXBuildFile; fileRef = 0CB915D1D420B9A059AC5983 /* LiveRestyleTests.swift */; };
		24D9F202B1BE5B61EC368BE9 /* NoteFont.swift in Sources */ = {isa = PBXBuildFile; fileRef = 458D01B507BC930CE47B5B16 /* NoteFont.swift */; };
		2677F9747943172FD033A62D /* Platform.swift in Sources */ = {isa = PBXBuildFile; fileRef = BA80540B1A8E082DB6AF1429 /* Platform.swift */; };
		28013FB6B872F09210C975FE /* CardContentView.swift in Sources */ = {isa = PBXBuildFile; fileRef = 7C02176044374CB1713244F6 /* CardContentView.swift */; };
		28DADDEA23A9D58F137D94AF /* LiveEditorView.swift in Sources */ = {isa = PBXBuildFile; fileRef = 6E3CF1031579B35E973BB230 /* LiveEditorView.swift */; };
		299A403849D79BA8DF082768 /* SubjectIcon.swift in Sources */ = {isa = PBXBuildFile; fileRef = 92D83F4115B9B8F0ED52CAA2 /* SubjectIcon.swift */; };
		2BDD428AB4B530BDDF572D37 /* WindowSnapshot.swift in Sources */ = {isa = PBXBuildFile; fileRef = 83F38508692CF3C7DF09D251 /* WindowSnapshot.swift */; };
		2C977A18EA5D91596EA5BBA5 /* StudyQueueBuilder.swift in Sources */ = {isa = PBXBuildFile; fileRef = C71376D3FF1CD1E3DA17A415 /* StudyQueueBuilder.swift */; };
		2EF19357C1614F1748745E45 /* LiveStyler.swift in Sources */ = {isa = PBXBuildFile; fileRef = A936199CBCAFEC6DA6AE82E9 /* LiveStyler.swift */; };
		315C8545FC80419C34388BD6 /* SearchTests.swift in Sources */ = {isa = PBXBuildFile; fileRef = 5A3E5915E4007738575047C4 /* SearchTests.swift */; };
		33AD97F101650ED72CC8054C /* MigrationTests.swift in Sources */ = {isa = PBXBuildFile; fileRef = C5A86F88F564DD468EE4A170 /* MigrationTests.swift */; };
		3649F9D0E5378CBAA4B5DAB9 /* FSRS in Frameworks */ = {isa = PBXBuildFile; productRef = 9C872FA061B2B00407064909 /* FSRS */; };
		3946DFBC2D26E5AF69D25DC7 /* Formatters.swift in Sources */ = {isa = PBXBuildFile; fileRef = E92024DC64A85D0ED1D7B6AB /* Formatters.swift */; };
		3C0291A2B8206BD875E145E0 /* SubjectIcons+Languages.swift in Sources */ = {isa = PBXBuildFile; fileRef = A222FA1D0A10D0D8A09F0E89 /* SubjectIcons+Languages.swift */; };
		3D2BE4F9D08CA429259D4531 /* remnApp.swift in Sources */ = {isa = PBXBuildFile; fileRef = 6895F64A4DB608E8E9F16891 /* remnApp.swift */; };
		3D8BAD16B6A5ABC6B5CB5E4B /* Neucha.ttf in Resources */ = {isa = PBXBuildFile; fileRef = 42069C92CF073079F40906C8 /* Neucha.ttf */; };
		3EAD7E7ECAACD7EC1BE53B68 /* InkRandom.swift in Sources */ = {isa = PBXBuildFile; fileRef = 4431F557969C3FEC33F2F38D /* InkRandom.swift */; };
		44133BD178E99E0A12ED1A9D /* LatexCompatibilityTests.swift in Sources */ = {isa = PBXBuildFile; fileRef = 0835D6F4F12BA15B2CCEA1C4 /* LatexCompatibilityTests.swift */; };
		44B81357AA1A22C6C5653E71 /* Paper.swift in Sources */ = {isa = PBXBuildFile; fileRef = FA4B71DE6F2148CD6B96B600 /* Paper.swift */; };
		4572E8E2D5328AAD4454978B /* TypstGallerySheet.swift in Sources */ = {isa = PBXBuildFile; fileRef = CBE82013362742E379BDC7C0 /* TypstGallerySheet.swift */; };
		48FE3E1D0592CEABD8FF66A2 /* NoteInsertion.swift in Sources */ = {isa = PBXBuildFile; fileRef = F7F41CB6015A124E2CFB1CB2 /* NoteInsertion.swift */; };
		4BF33359FF4B421D80BA8F47 /* InkIcon.swift in Sources */ = {isa = PBXBuildFile; fileRef = DD7DC6E8928E3FCA113BE902 /* InkIcon.swift */; };
		4E5EF8B6ED839026B92947BE /* MarkdownRenderSource.swift in Sources */ = {isa = PBXBuildFile; fileRef = 9F72936533B36DABA6988A35 /* MarkdownRenderSource.swift */; };
		502559E1A39C1AFCB31744F7 /* Localizable.xcstrings in Resources */ = {isa = PBXBuildFile; fileRef = 15A858101FE1C0ACD7EBDF5A /* Localizable.xcstrings */; };
		53ACFFA0C94E4C719D782B1B /* Vault.swift in Sources */ = {isa = PBXBuildFile; fileRef = 867AB964E10295C861743490 /* Vault.swift */; };
		540C704A89CCB8FB911B1C4B /* TypstTemplates in Resources */ = {isa = PBXBuildFile; fileRef = F9F8773DB1CEB144AF19B013 /* TypstTemplates */; };
		573975F1F32C434BFE532823 /* InkBrush.swift in Sources */ = {isa = PBXBuildFile; fileRef = 14085CF2096D3280F9118976 /* InkBrush.swift */; };
		582B9734788D4EE00885E407 /* SchedulerTests.swift in Sources */ = {isa = PBXBuildFile; fileRef = 5F6459C94EE97FBF98F20517 /* SchedulerTests.swift */; };
		59FAA8DAA83C5B42EAB32515 /* SpacedRepetitionScheduling.swift in Sources */ = {isa = PBXBuildFile; fileRef = 8D8E21F5B2A822AB13F5AAA2 /* SpacedRepetitionScheduling.swift */; };
		5AE6B7CF1E7E37EFF9FAE965 /* LiveEditorController.swift in Sources */ = {isa = PBXBuildFile; fileRef = 1337E23F9F06A70D7E48FE30 /* LiveEditorController.swift */; };
		5CDFE84241142050814B8F81 /* DemoLibrary.swift in Sources */ = {isa = PBXBuildFile; fileRef = FE85CD67E822CBBAE756B71F /* DemoLibrary.swift */; };
		5DD9219111002EC25AA7D395 /* PaperGrain.metal in Sources */ = {isa = PBXBuildFile; fileRef = 2F16E415713C31E8C0695AF3 /* PaperGrain.metal */; };
		61CC8CF09A60D88C90358659 /* FolderView.swift in Sources */ = {isa = PBXBuildFile; fileRef = DCEED400A492B18600497198 /* FolderView.swift */; };
		62807AD110E888CFA1851128 /* LatexCompatibility.swift in Sources */ = {isa = PBXBuildFile; fileRef = A6C4313F12B5F8D58586CABC /* LatexCompatibility.swift */; };
		65CE99766105949EDEE9FFD4 /* Textual in Frameworks */ = {isa = PBXBuildFile; productRef = 7620BA764C7F419A19C59B26 /* Textual */; };
		692C63800919DA68D9627B7E /* LibraryView.swift in Sources */ = {isa = PBXBuildFile; fileRef = 11CC1397608ADD45DB488B72 /* LibraryView.swift */; };
		6A9BE6DCE88C28F6513B9D36 /* SwiftUIMath in Frameworks */ = {isa = PBXBuildFile; productRef = DD7828D10E9294004A691F89 /* SwiftUIMath */; };
		6F8D4E70373F20148A2EB710 /* InkTests.swift in Sources */ = {isa = PBXBuildFile; fileRef = D251887050864C1276246D18 /* InkTests.swift */; };
		707019A24C095F95E9E8AA85 /* Deck.swift in Sources */ = {isa = PBXBuildFile; fileRef = 55A4050B3C2FC8F8B5C1E7E1 /* Deck.swift */; };
		75DBDC84D21711F5F26B9E28 /* BackupModels.swift in Sources */ = {isa = PBXBuildFile; fileRef = D7CDEC6CF690B3CFB8C3008B /* BackupModels.swift */; };
		77290B61B6352E97E122BBD0 /* EmojiRenderer.swift in Sources */ = {isa = PBXBuildFile; fileRef = 86071E14AE4145787F65D2B5 /* EmojiRenderer.swift */; };
		77CE4F9591967D8D25C5A624 /* SubjectModel.swift in Sources */ = {isa = PBXBuildFile; fileRef = 21FF9D89B5DA9AC233E8B060 /* SubjectModel.swift */; };
		78F33C9003CA07274546D4C8 /* FlashcardSurface.swift in Sources */ = {isa = PBXBuildFile; fileRef = B74613E361D1008F37D52C7D /* FlashcardSurface.swift */; };
		7A0248F25ED7DB1837DF7E9B /* NameEditorSheet.swift in Sources */ = {isa = PBXBuildFile; fileRef = BEA5B762D59F24BB59139A3A /* NameEditorSheet.swift */; };
		7AA28B3B566D5144EFD9604C /* AppState.swift in Sources */ = {isa = PBXBuildFile; fileRef = BC69D30D20A30414C1CAF279 /* AppState.swift */; };
		7ABD3C5CB7D2820E064BADE4 /* VaultSetupView.swift in Sources */ = {isa = PBXBuildFile; fileRef = DDA034CE6235E6F0F267237A /* VaultSetupView.swift */; };
		7ADA5F050256C62E1F361A60 /* FSRSSchedulerService.swift in Sources */ = {isa = PBXBuildFile; fileRef = FB918FC5E723ACBE1B50FC2E /* FSRSSchedulerService.swift */; };
		7B8D0338BB157D1002BD38F7 /* StudyCompletionView.swift in Sources */ = {isa = PBXBuildFile; fileRef = 5E651FAD0206B556F1BBD189 /* StudyCompletionView.swift */; };
		7CF5BB22F5CD0AD9A0F8876C /* TypstEngine.swift in Sources */ = {isa = PBXBuildFile; fileRef = 9B2A6619428464DAD900A229 /* TypstEngine.swift */; };
		7E64D36AC691E763DDAB1A19 /* LiveMarkdown.swift in Sources */ = {isa = PBXBuildFile; fileRef = DC3EE2DABB77A98BCFF36DED /* LiveMarkdown.swift */; };
		83BC85979D2AB02E8FE7F052 /* BackupDocument.swift in Sources */ = {isa = PBXBuildFile; fileRef = CF7E5F5A69C72D8FA0B60435 /* BackupDocument.swift */; };
		84A1445B9CBB86947D7B0488 /* MarkdownToolbar.swift in Sources */ = {isa = PBXBuildFile; fileRef = E43C7C7C815F1AAF39931120 /* MarkdownToolbar.swift */; };
		85D56E9E8A625BA104E1A6B5 /* OFL-Neucha.txt in Resources */ = {isa = PBXBuildFile; fileRef = 8E81AAA1C00CC010CB3D6311 /* OFL-Neucha.txt */; };
		86CC0DCFE16407979C93A586 /* CardImageExporter.swift in Sources */ = {isa = PBXBuildFile; fileRef = 467F839F80FCD6C92EEDB102 /* CardImageExporter.swift */; };
		880C040EFDCFDAE634DC979D /* MarkdownInsertionTests.swift in Sources */ = {isa = PBXBuildFile; fileRef = 33ACB66E2E41DAF6B7721782 /* MarkdownInsertionTests.swift */; };
		889D5D212046B2937FA0F092 /* InkLab.swift in Sources */ = {isa = PBXBuildFile; fileRef = CCF3BEF328B9EFEE896418CB /* InkLab.swift */; };
		88CF5D4CB9CC6ADFCF507728 /* LiveEditorControllerTests.swift in Sources */ = {isa = PBXBuildFile; fileRef = 2437A96F3B6868C44924CD54 /* LiveEditorControllerTests.swift */; };
		8A8E7A0F29ECD88EB74E02EA /* LiveLayoutManager.swift in Sources */ = {isa = PBXBuildFile; fileRef = 564171CC532564B94DA92791 /* LiveLayoutManager.swift */; };
		8B57FB701B37D5C1D1BEC6BB /* LibraryRow.swift in Sources */ = {isa = PBXBuildFile; fileRef = 73C929193C5FD8C1D09F20C1 /* LibraryRow.swift */; };
		8C92B2347AADF0C43F2E0D36 /* ReviewLogEntry.swift in Sources */ = {isa = PBXBuildFile; fileRef = 8582F224E564AE10A9C73E52 /* ReviewLogEntry.swift */; };
		8DBD8354CBAAFEEE718BBE23 /* NotebookDoodle.swift in Sources */ = {isa = PBXBuildFile; fileRef = A2448272CFF047F6FBD50C9B /* NotebookDoodle.swift */; };
		924AB57832B9B4040CED4A11 /* InkShapes.swift in Sources */ = {isa = PBXBuildFile; fileRef = 71C746400442FB7DBF6C46CA /* InkShapes.swift */; };
		931B84337657DF2ABC1C4883 /* InkControls.swift in Sources */ = {isa = PBXBuildFile; fileRef = D1D3F10A81056E2B9BF62CE3 /* InkControls.swift */; };
		94362D5BACD6395D4C2B4B9F /* SubjectIcons+Humanities.swift in Sources */ = {isa = PBXBuildFile; fileRef = D01F5C377FB2D0897C04B1A6 /* SubjectIcons+Humanities.swift */; };
		959D77BE232E20D5823CDC85 /* CardDetailView.swift in Sources */ = {isa = PBXBuildFile; fileRef = 9F4E40F875B27C4CFBA7E1F1 /* CardDetailView.swift */; };
		98705C3430B162F02177519A /* TypographyTests.swift in Sources */ = {isa = PBXBuildFile; fileRef = 0B436C4FDEB91DA5CE27C987 /* TypographyTests.swift */; };
		987AB1B480ACEA86FBB475EA /* SubjectIcons+Things.swift in Sources */ = {isa = PBXBuildFile; fileRef = E46CA8C2D909D15C25CBD137 /* SubjectIcons+Things.swift */; };
		9DAF5A8520707E228551C8B2 /* SettingsView.swift in Sources */ = {isa = PBXBuildFile; fileRef = 96FB7111FB0DD9D20D2A60B3 /* SettingsView.swift */; };
		A1426C78FC8118006400A20B /* NoteToolbar.swift in Sources */ = {isa = PBXBuildFile; fileRef = C75BD3D6BABC81A9E22E05DC /* NoteToolbar.swift */; };
		A18F701791A31A7E5F408E09 /* Textual in Frameworks */ = {isa = PBXBuildFile; productRef = 5174D1AE01955FB0D3DBD0A8 /* Textual */; };
		A1DC0E473AC893DF6CA46127 /* StudySessionView.swift in Sources */ = {isa = PBXBuildFile; fileRef = 7250732A28B966A2ACF6C75F /* StudySessionView.swift */; };
		A2371635291D0076C4D56119 /* RemnSchemaV1.swift in Sources */ = {isa = PBXBuildFile; fileRef = 1080BDD46E762B55739E7201 /* RemnSchemaV1.swift */; };
		A298F1A17DF7176D35B468F1 /* LiveRenderer.swift in Sources */ = {isa = PBXBuildFile; fileRef = 3B560B86BB3D8E23E083F82E /* LiveRenderer.swift */; };
		A3CFDFB7B4BA2F995A627EA2 /* RemnTypography.swift in Sources */ = {isa = PBXBuildFile; fileRef = 3D2767AD6663EDF37938359D /* RemnTypography.swift */; };
		A4B8A9D61AAEE3C98E00D5EC /* SubjectDetailView.swift in Sources */ = {isa = PBXBuildFile; fileRef = 3FCD11850748DFAC93771937 /* SubjectDetailView.swift */; };
		A5C73E929AC2E6AD4A0EDDC3 /* VaultLocation.swift in Sources */ = {isa = PBXBuildFile; fileRef = 1F1C6EB52842729B7FC742EE /* VaultLocation.swift */; };
		A9305ED863AAED8616065F46 /* RemnColors.swift in Sources */ = {isa = PBXBuildFile; fileRef = 73275047DD887BC610647B2A /* RemnColors.swift */; };
		B2FD3DF88AFE4FE8B951BAF4 /* DeckDetailView.swift in Sources */ = {isa = PBXBuildFile; fileRef = 81440D7398777E78E1B6860F /* DeckDetailView.swift */; };
		B6B9C2E53EA0AC4BC49B7A1B /* NoteView.swift in Sources */ = {isa = PBXBuildFile; fileRef = 434A1198DA3C579F85731508 /* NoteView.swift */; };
		B84D0145065550D266A16368 /* VaultTree.swift in Sources */ = {isa = PBXBuildFile; fileRef = E6989E336A70DFE58873D6C9 /* VaultTree.swift */; };
		B86480F4C6B017013F1F8DF2 /* RemnSchema.swift in Sources */ = {isa = PBXBuildFile; fileRef = EE31C963CEF82E56A782734C /* RemnSchema.swift */; };
		B91A66E29DEA5EB83B2BD6B7 /* TypstPackages in Resources */ = {isa = PBXBuildFile; fileRef = 3152FFBB15592FE40C3FB6BA /* TypstPackages */; };
		B97F03BBBBE9EF9EE4E4EB8C /* BackupTests.swift in Sources */ = {isa = PBXBuildFile; fileRef = 7E2D647215E4ECF91FFE78E5 /* BackupTests.swift */; };
		BD78710A9B5D8FF51CD5102F /* FrontMatter.swift in Sources */ = {isa = PBXBuildFile; fileRef = 78A8D0CD4582B1FAECF8B189 /* FrontMatter.swift */; };
		BFB0576E60E740FE20C511ED /* LibraryStore.swift in Sources */ = {isa = PBXBuildFile; fileRef = A633B00400E44408AFB4DD4B /* LibraryStore.swift */; };
		C907C501075A365FE2DBD930 /* SRSExplainerSheet.swift in Sources */ = {isa = PBXBuildFile; fileRef = 4F8FF4FE80679E310B341FDE /* SRSExplainerSheet.swift */; };
		CC5875A2D467A031279A6390 /* ReviewService.swift in Sources */ = {isa = PBXBuildFile; fileRef = 7BB45169EF35C9E4CB79AF60 /* ReviewService.swift */; };
		CD0FAC7C2A8C07479BCF8F21 /* SearchView.swift in Sources */ = {isa = PBXBuildFile; fileRef = D12BCF790E0389FA64512B4B /* SearchView.swift */; };
		CD236CB2D790359F5788B380 /* SubjectIconTests.swift in Sources */ = {isa = PBXBuildFile; fileRef = ECBD8A10A155DBCFB4756F82 /* SubjectIconTests.swift */; };
		CD3F1776C35ECC20D198BA06 /* HandmadeDialog.swift in Sources */ = {isa = PBXBuildFile; fileRef = E35084084FB10D50F86C775C /* HandmadeDialog.swift */; };
		D30EFB47624C370F8E5D401B /* NoteDocument.swift in Sources */ = {isa = PBXBuildFile; fileRef = 6313919740ACE4171A83747E /* NoteDocument.swift */; };
		D6ECBB79A90EB01D1A66C5B3 /* EmojiArt.swift in Sources */ = {isa = PBXBuildFile; fileRef = 11AEBEDAEA65A3531C73683D /* EmojiArt.swift */; };
		D797D3202B36BEFE11F83B11 /* HandmadeComponents.swift in Sources */ = {isa = PBXBuildFile; fileRef = 9ACE8C66501FBC9214D431FA /* HandmadeComponents.swift */; };
		DA0BA9A8F72664485C69EA61 /* RatingButton.swift in Sources */ = {isa = PBXBuildFile; fileRef = 588D5C69EA069B1E964F4EB3 /* RatingButton.swift */; };
		DC13F65B617F8F51CB68B8C8 /* PersistenceTests.swift in Sources */ = {isa = PBXBuildFile; fileRef = 50FF9B7EDA1C99BA82A90902 /* PersistenceTests.swift */; };
		DC32AA72F178C78D2BAD618F /* StudySessionRecord.swift in Sources */ = {isa = PBXBuildFile; fileRef = F821E899D6DC91D13471A03D /* StudySessionRecord.swift */; };
		DCA22BC85351846C9E8D9392 /* RemnNavigationHeader.swift in Sources */ = {isa = PBXBuildFile; fileRef = 1E99BF5C47CF0005283FDD06 /* RemnNavigationHeader.swift */; };
		DE6833B38569F78D0F7F5EB9 /* NotesVaultTests.swift in Sources */ = {isa = PBXBuildFile; fileRef = 3883F3714493B8CE91778CA3 /* NotesVaultTests.swift */; };
		E4D99213CDEF8C7847690FE2 /* InkGeometry.swift in Sources */ = {isa = PBXBuildFile; fileRef = DC4F78330F423132BF9F8598 /* InkGeometry.swift */; };
		E6696187C18A4755619470B3 /* RenderingTests.swift in Sources */ = {isa = PBXBuildFile; fileRef = FB885D95D9D75D83379CBF88 /* RenderingTests.swift */; };
		E9039D7B2418A258D6593C74 /* CardSearch.swift in Sources */ = {isa = PBXBuildFile; fileRef = 8D4751617CF215BF60BAE16C /* CardSearch.swift */; };
		EC5D100A8C97CC473A47287C /* CardExportView.swift in Sources */ = {isa = PBXBuildFile; fileRef = 7C2499DE0F3CF80E54B2E115 /* CardExportView.swift */; };
		ED3DFE877C970B008EFC696E /* ScheduleState.swift in Sources */ = {isa = PBXBuildFile; fileRef = C6589AD8278F3631AB285EE3 /* ScheduleState.swift */; };
		EE8B34F39CAB36A385A6AE39 /* RemnCommands.swift in Sources */ = {isa = PBXBuildFile; fileRef = 1D08D9FDB393E2857A395E38 /* RemnCommands.swift */; };
		F3E30020DAC50E4107057764 /* Flashcard+Display.swift in Sources */ = {isa = PBXBuildFile; fileRef = 29F95FD1076C503DAC0C2F44 /* Flashcard+Display.swift */; };
		F3FF45C53C8B1A124E969BC4 /* RemnSchemaV2.swift in Sources */ = {isa = PBXBuildFile; fileRef = 283255A26C9C9F9A453AA1ED /* RemnSchemaV2.swift */; };
		F7BF1560E4A8642001B0CA86 /* RemnTextStyle.swift in Sources */ = {isa = PBXBuildFile; fileRef = 61D62DB0BDB38E94A38C92D4 /* RemnTextStyle.swift */; };
		F84625FA29006BF459764CF2 /* EmojiFigure.swift in Sources */ = {isa = PBXBuildFile; fileRef = 378C11E4CC883FF465B91ECE /* EmojiFigure.swift */; };
		F89C2F844176B56B482A08AA /* CardEditorView.swift in Sources */ = {isa = PBXBuildFile; fileRef = A6E4DDE9993647270960E6C2 /* CardEditorView.swift */; };
		F8E44050781AEE3AB274F377 /* RootView.swift in Sources */ = {isa = PBXBuildFile; fileRef = 6AC017E7D16B771C0C61176D /* RootView.swift */; };
		F9CEF11156B6FDB2BFD829A6 /* LiveMarkdownTests.swift in Sources */ = {isa = PBXBuildFile; fileRef = B6EE6E0A79E447449CF8B9E6 /* LiveMarkdownTests.swift */; };
		FAED9AE00FDEA72F72E5BEB9 /* SubjectIcons+Technology.swift in Sources */ = {isa = PBXBuildFile; fileRef = BE3DF1E879CCA73E14676B8B /* SubjectIcons+Technology.swift */; };
		FD4DCDAD4BAD263DF78996FC /* TypingProbe.swift in Sources */ = {isa = PBXBuildFile; fileRef = B0A70B1BAD69690B4F5480FD /* TypingProbe.swift */; };
		FE3B2A86AD4B7E2969557A84 /* SessionService.swift in Sources */ = {isa = PBXBuildFile; fileRef = DB65143066E4333550817388 /* SessionService.swift */; };
/* End PBXBuildFile section */

/* Begin PBXContainerItemProxy section */
		47982046A83BE9EA995BDD5A /* PBXContainerItemProxy */ = {
			isa = PBXContainerItemProxy;
			containerPortal = 174B6AA881FD2A9939149198 /* Project object */;
			proxyType = 1;
			remoteGlobalIDString = C62777D0F8DB9E83A5B2D0FC;
			remoteInfo = remn;
		};
/* End PBXContainerItemProxy section */

/* Begin PBXFileReference section */
		0835D6F4F12BA15B2CCEA1C4 /* LatexCompatibilityTests.swift */ = {isa = PBXFileReference; lastKnownFileType = sourcecode.swift; path = LatexCompatibilityTests.swift; sourceTree = "<group>"; };
		0B436C4FDEB91DA5CE27C987 /* TypographyTests.swift */ = {isa = PBXFileReference; lastKnownFileType = sourcecode.swift; path = TypographyTests.swift; sourceTree = "<group>"; };
		0CB915D1D420B9A059AC5983 /* LiveRestyleTests.swift */ = {isa = PBXFileReference; lastKnownFileType = sourcecode.swift; path = LiveRestyleTests.swift; sourceTree = "<group>"; };
		1080BDD46E762B55739E7201 /* RemnSchemaV1.swift */ = {isa = PBXFileReference; lastKnownFileType = sourcecode.swift; path = RemnSchemaV1.swift; sourceTree = "<group>"; };
		1094BA94AB0FA576E2719827 /* StudyQueueTests.swift */ = {isa = PBXFileReference; lastKnownFileType = sourcecode.swift; path = StudyQueueTests.swift; sourceTree = "<group>"; };
		11AEBEDAEA65A3531C73683D /* EmojiArt.swift */ = {isa = PBXFileReference; lastKnownFileType = sourcecode.swift; path = EmojiArt.swift; sourceTree = "<group>"; };
		11CC1397608ADD45DB488B72 /* LibraryView.swift */ = {isa = PBXFileReference; lastKnownFileType = sourcecode.swift; path = LibraryView.swift; sourceTree = "<group>"; };
		1337E23F9F06A70D7E48FE30 /* LiveEditorController.swift */ = {isa = PBXFileReference; lastKnownFileType = sourcecode.swift; path = LiveEditorController.swift; sourceTree = "<group>"; };
		14085CF2096D3280F9118976 /* InkBrush.swift */ = {isa = PBXFileReference; lastKnownFileType = sourcecode.swift; path = InkBrush.swift; sourceTree = "<group>"; };
		15A858101FE1C0ACD7EBDF5A /* Localizable.xcstrings */ = {isa = PBXFileReference; lastKnownFileType = text.json.xcstrings; path = Localizable.xcstrings; sourceTree = "<group>"; };
		17CC62A0E6A629ABDA580F04 /* StudySetupSheet.swift */ = {isa = PBXFileReference; lastKnownFileType = sourcecode.swift; path = StudySetupSheet.swift; sourceTree = "<group>"; };
		1888021129F6DC0B39144A81 /* OfflineAttachmentLoader.swift */ = {isa = PBXFileReference; lastKnownFileType = sourcecode.swift; path = OfflineAttachmentLoader.swift; sourceTree = "<group>"; };
		1B7334397D719E6AD2D59D3D /* NoteRow.swift */ = {isa = PBXFileReference; lastKnownFileType = sourcecode.swift; path = NoteRow.swift; sourceTree = "<group>"; };
		1D08D9FDB393E2857A395E38 /* RemnCommands.swift */ = {isa = PBXFileReference; lastKnownFileType = sourcecode.swift; path = RemnCommands.swift; sourceTree = "<group>"; };
		1E99BF5C47CF0005283FDD06 /* RemnNavigationHeader.swift */ = {isa = PBXFileReference; lastKnownFileType = sourcecode.swift; path = RemnNavigationHeader.swift; sourceTree = "<group>"; };
		1F1C6EB52842729B7FC742EE /* VaultLocation.swift */ = {isa = PBXFileReference; lastKnownFileType = sourcecode.swift; path = VaultLocation.swift; sourceTree = "<group>"; };
		21FF9D89B5DA9AC233E8B060 /* SubjectModel.swift */ = {isa = PBXFileReference; lastKnownFileType = sourcecode.swift; path = SubjectModel.swift; sourceTree = "<group>"; };
		23A3FFBF0BC7C0304F7C1D13 /* remn-macOS.entitlements */ = {isa = PBXFileReference; lastKnownFileType = text.plist.entitlements; path = "remn-macOS.entitlements"; sourceTree = "<group>"; };
		2437A96F3B6868C44924CD54 /* LiveEditorControllerTests.swift */ = {isa = PBXFileReference; lastKnownFileType = sourcecode.swift; path = LiveEditorControllerTests.swift; sourceTree = "<group>"; };
		263980D52455E1C8F51A106D /* ImageAttachment.swift */ = {isa = PBXFileReference; lastKnownFileType = sourcecode.swift; path = ImageAttachment.swift; sourceTree = "<group>"; };
		27F704B7B8F11803E5DE940C /* remn-iOS.entitlements */ = {isa = PBXFileReference; lastKnownFileType = text.plist.entitlements; path = "remn-iOS.entitlements"; sourceTree = "<group>"; };
		283255A26C9C9F9A453AA1ED /* RemnSchemaV2.swift */ = {isa = PBXFileReference; lastKnownFileType = sourcecode.swift; path = RemnSchemaV2.swift; sourceTree = "<group>"; };
		29A01082DADBF34A7BB90FB1 /* InkPencil.swift */ = {isa = PBXFileReference; lastKnownFileType = sourcecode.swift; path = InkPencil.swift; sourceTree = "<group>"; };
		29F95FD1076C503DAC0C2F44 /* Flashcard+Display.swift */ = {isa = PBXFileReference; lastKnownFileType = sourcecode.swift; path = "Flashcard+Display.swift"; sourceTree = "<group>"; };
		2A92BF2EDB3DC41B3D94FAEB /* remn.app */ = {isa = PBXFileReference; includeInIndex = 0; lastKnownFileType = wrapper.application; path = remn.app; sourceTree = BUILT_PRODUCTS_DIR; };
		2F16E415713C31E8C0695AF3 /* PaperGrain.metal */ = {isa = PBXFileReference; lastKnownFileType = sourcecode.metal; path = PaperGrain.metal; sourceTree = "<group>"; };
		3152FFBB15592FE40C3FB6BA /* TypstPackages */ = {isa = PBXFileReference; lastKnownFileType = folder; name = TypstPackages; path = remn/Resources/TypstPackages; sourceTree = SOURCE_ROOT; };
		33ACB66E2E41DAF6B7721782 /* MarkdownInsertionTests.swift */ = {isa = PBXFileReference; lastKnownFileType = sourcecode.swift; path = MarkdownInsertionTests.swift; sourceTree = "<group>"; };
		378C11E4CC883FF465B91ECE /* EmojiFigure.swift */ = {isa = PBXFileReference; lastKnownFileType = sourcecode.swift; path = EmojiFigure.swift; sourceTree = "<group>"; };
		3883F3714493B8CE91778CA3 /* NotesVaultTests.swift */ = {isa = PBXFileReference; lastKnownFileType = sourcecode.swift; path = NotesVaultTests.swift; sourceTree = "<group>"; };
		3B560B86BB3D8E23E083F82E /* LiveRenderer.swift */ = {isa = PBXFileReference; lastKnownFileType = sourcecode.swift; path = LiveRenderer.swift; sourceTree = "<group>"; };
		3D2767AD6663EDF37938359D /* RemnTypography.swift */ = {isa = PBXFileReference; lastKnownFileType = sourcecode.swift; path = RemnTypography.swift; sourceTree = "<group>"; };
		3FCD11850748DFAC93771937 /* SubjectDetailView.swift */ = {isa = PBXFileReference; lastKnownFileType = sourcecode.swift; path = SubjectDetailView.swift; sourceTree = "<group>"; };
		42069C92CF073079F40906C8 /* Neucha.ttf */ = {isa = PBXFileReference; lastKnownFileType = file; path = Neucha.ttf; sourceTree = "<group>"; };
		43359355A0A7079AF77BC1A9 /* CardRow.swift */ = {isa = PBXFileReference; lastKnownFileType = sourcecode.swift; path = CardRow.swift; sourceTree = "<group>"; };
		434A1198DA3C579F85731508 /* NoteView.swift */ = {isa = PBXFileReference; lastKnownFileType = sourcecode.swift; path = NoteView.swift; sourceTree = "<group>"; };
		4431F557969C3FEC33F2F38D /* InkRandom.swift */ = {isa = PBXFileReference; lastKnownFileType = sourcecode.swift; path = InkRandom.swift; sourceTree = "<group>"; };
		458D01B507BC930CE47B5B16 /* NoteFont.swift */ = {isa = PBXFileReference; lastKnownFileType = sourcecode.swift; path = NoteFont.swift; sourceTree = "<group>"; };
		467F839F80FCD6C92EEDB102 /* CardImageExporter.swift */ = {isa = PBXFileReference; lastKnownFileType = sourcecode.swift; path = CardImageExporter.swift; sourceTree = "<group>"; };
		48884F3A496DF7412F048BD7 /* InkText.swift */ = {isa = PBXFileReference; lastKnownFileType = sourcecode.swift; path = InkText.swift; sourceTree = "<group>"; };
		4F8FF4FE80679E310B341FDE /* SRSExplainerSheet.swift */ = {isa = PBXFileReference; lastKnownFileType = sourcecode.swift; path = SRSExplainerSheet.swift; sourceTree = "<group>"; };
		50FF9B7EDA1C99BA82A90902 /* PersistenceTests.swift */ = {isa = PBXFileReference; lastKnownFileType = sourcecode.swift; path = PersistenceTests.swift; sourceTree = "<group>"; };
		55A4050B3C2FC8F8B5C1E7E1 /* Deck.swift */ = {isa = PBXFileReference; lastKnownFileType = sourcecode.swift; path = Deck.swift; sourceTree = "<group>"; };
		564171CC532564B94DA92791 /* LiveLayoutManager.swift */ = {isa = PBXFileReference; lastKnownFileType = sourcecode.swift; path = LiveLayoutManager.swift; sourceTree = "<group>"; };
		588D5C69EA069B1E964F4EB3 /* RatingButton.swift */ = {isa = PBXFileReference; lastKnownFileType = sourcecode.swift; path = RatingButton.swift; sourceTree = "<group>"; };
		5A3E5915E4007738575047C4 /* SearchTests.swift */ = {isa = PBXFileReference; lastKnownFileType = sourcecode.swift; path = SearchTests.swift; sourceTree = "<group>"; };
		5E651FAD0206B556F1BBD189 /* StudyCompletionView.swift */ = {isa = PBXFileReference; lastKnownFileType = sourcecode.swift; path = StudyCompletionView.swift; sourceTree = "<group>"; };
		5F6459C94EE97FBF98F20517 /* SchedulerTests.swift */ = {isa = PBXFileReference; lastKnownFileType = sourcecode.swift; path = SchedulerTests.swift; sourceTree = "<group>"; };
		61D62DB0BDB38E94A38C92D4 /* RemnTextStyle.swift */ = {isa = PBXFileReference; lastKnownFileType = sourcecode.swift; path = RemnTextStyle.swift; sourceTree = "<group>"; };
		6313919740ACE4171A83747E /* NoteDocument.swift */ = {isa = PBXFileReference; lastKnownFileType = sourcecode.swift; path = NoteDocument.swift; sourceTree = "<group>"; };
		6895F64A4DB608E8E9F16891 /* remnApp.swift */ = {isa = PBXFileReference; lastKnownFileType = sourcecode.swift; path = remnApp.swift; sourceTree = "<group>"; };
		6AC017E7D16B771C0C61176D /* RootView.swift */ = {isa = PBXFileReference; lastKnownFileType = sourcecode.swift; path = RootView.swift; sourceTree = "<group>"; };
		6E3CF1031579B35E973BB230 /* LiveEditorView.swift */ = {isa = PBXFileReference; lastKnownFileType = sourcecode.swift; path = LiveEditorView.swift; sourceTree = "<group>"; };
		71C746400442FB7DBF6C46CA /* InkShapes.swift */ = {isa = PBXFileReference; lastKnownFileType = sourcecode.swift; path = InkShapes.swift; sourceTree = "<group>"; };
		7250732A28B966A2ACF6C75F /* StudySessionView.swift */ = {isa = PBXFileReference; lastKnownFileType = sourcecode.swift; path = StudySessionView.swift; sourceTree = "<group>"; };
		73275047DD887BC610647B2A /* RemnColors.swift */ = {isa = PBXFileReference; lastKnownFileType = sourcecode.swift; path = RemnColors.swift; sourceTree = "<group>"; };
		73C16DF9943FC0278AB4985E /* Flashcard.swift */ = {isa = PBXFileReference; lastKnownFileType = sourcecode.swift; path = Flashcard.swift; sourceTree = "<group>"; };
		73C929193C5FD8C1D09F20C1 /* LibraryRow.swift */ = {isa = PBXFileReference; lastKnownFileType = sourcecode.swift; path = LibraryRow.swift; sourceTree = "<group>"; };
		78A8D0CD4582B1FAECF8B189 /* FrontMatter.swift */ = {isa = PBXFileReference; lastKnownFileType = sourcecode.swift; path = FrontMatter.swift; sourceTree = "<group>"; };
		7BB45169EF35C9E4CB79AF60 /* ReviewService.swift */ = {isa = PBXFileReference; lastKnownFileType = sourcecode.swift; path = ReviewService.swift; sourceTree = "<group>"; };
		7C02176044374CB1713244F6 /* CardContentView.swift */ = {isa = PBXFileReference; lastKnownFileType = sourcecode.swift; path = CardContentView.swift; sourceTree = "<group>"; };
		7C2499DE0F3CF80E54B2E115 /* CardExportView.swift */ = {isa = PBXFileReference; lastKnownFileType = sourcecode.swift; path = CardExportView.swift; sourceTree = "<group>"; };
		7E2D647215E4ECF91FFE78E5 /* BackupTests.swift */ = {isa = PBXFileReference; lastKnownFileType = sourcecode.swift; path = BackupTests.swift; sourceTree = "<group>"; };
		81440D7398777E78E1B6860F /* DeckDetailView.swift */ = {isa = PBXFileReference; lastKnownFileType = sourcecode.swift; path = DeckDetailView.swift; sourceTree = "<group>"; };
		83F38508692CF3C7DF09D251 /* WindowSnapshot.swift */ = {isa = PBXFileReference; lastKnownFileType = sourcecode.swift; path = WindowSnapshot.swift; sourceTree = "<group>"; };
		8582F224E564AE10A9C73E52 /* ReviewLogEntry.swift */ = {isa = PBXFileReference; lastKnownFileType = sourcecode.swift; path = ReviewLogEntry.swift; sourceTree = "<group>"; };
		86071E14AE4145787F65D2B5 /* EmojiRenderer.swift */ = {isa = PBXFileReference; lastKnownFileType = sourcecode.swift; path = EmojiRenderer.swift; sourceTree = "<group>"; };
		867AB964E10295C861743490 /* Vault.swift */ = {isa = PBXFileReference; lastKnownFileType = sourcecode.swift; path = Vault.swift; sourceTree = "<group>"; };
		8D4751617CF215BF60BAE16C /* CardSearch.swift */ = {isa = PBXFileReference; lastKnownFileType = sourcecode.swift; path = CardSearch.swift; sourceTree = "<group>"; };
		8D8E21F5B2A822AB13F5AAA2 /* SpacedRepetitionScheduling.swift */ = {isa = PBXFileReference; lastKnownFileType = sourcecode.swift; path = SpacedRepetitionScheduling.swift; sourceTree = "<group>"; };
		8DA8F4AD5776093C55599AE8 /* remnTests.xctest */ = {isa = PBXFileReference; includeInIndex = 0; lastKnownFileType = wrapper.cfbundle; path = remnTests.xctest; sourceTree = BUILT_PRODUCTS_DIR; };
		8E542A22B3B0207CEDE1E98D /* Info.plist */ = {isa = PBXFileReference; lastKnownFileType = text.plist; path = Info.plist; sourceTree = "<group>"; };
		8E81AAA1C00CC010CB3D6311 /* OFL-Neucha.txt */ = {isa = PBXFileReference; lastKnownFileType = text; path = "OFL-Neucha.txt"; sourceTree = "<group>"; };
		8EBA7916C8227395AC5B4A57 /* LivePerformanceTests.swift */ = {isa = PBXFileReference; lastKnownFileType = sourcecode.swift; path = LivePerformanceTests.swift; sourceTree = "<group>"; };
		913E471CBA713001F385716D /* BackupService.swift */ = {isa = PBXFileReference; lastKnownFileType = sourcecode.swift; path = BackupService.swift; sourceTree = "<group>"; };
		92D83F4115B9B8F0ED52CAA2 /* SubjectIcon.swift */ = {isa = PBXFileReference; lastKnownFileType = sourcecode.swift; path = SubjectIcon.swift; sourceTree = "<group>"; };
		92DEFE3E9033C1A73B7A60BB /* SubjectIcons+Sciences.swift */ = {isa = PBXFileReference; lastKnownFileType = sourcecode.swift; path = "SubjectIcons+Sciences.swift"; sourceTree = "<group>"; };
		96FB7111FB0DD9D20D2A60B3 /* SettingsView.swift */ = {isa = PBXFileReference; lastKnownFileType = sourcecode.swift; path = SettingsView.swift; sourceTree = "<group>"; };
		9ACE8C66501FBC9214D431FA /* HandmadeComponents.swift */ = {isa = PBXFileReference; lastKnownFileType = sourcecode.swift; path = HandmadeComponents.swift; sourceTree = "<group>"; };
		9B2A6619428464DAD900A229 /* TypstEngine.swift */ = {isa = PBXFileReference; lastKnownFileType = sourcecode.swift; path = TypstEngine.swift; sourceTree = "<group>"; };
		9F4E40F875B27C4CFBA7E1F1 /* CardDetailView.swift */ = {isa = PBXFileReference; lastKnownFileType = sourcecode.swift; path = CardDetailView.swift; sourceTree = "<group>"; };
		9F72936533B36DABA6988A35 /* MarkdownRenderSource.swift */ = {isa = PBXFileReference; lastKnownFileType = sourcecode.swift; path = MarkdownRenderSource.swift; sourceTree = "<group>"; };
		A222FA1D0A10D0D8A09F0E89 /* SubjectIcons+Languages.swift */ = {isa = PBXFileReference; lastKnownFileType = sourcecode.swift; path = "SubjectIcons+Languages.swift"; sourceTree = "<group>"; };
		A2448272CFF047F6FBD50C9B /* NotebookDoodle.swift */ = {isa = PBXFileReference; lastKnownFileType = sourcecode.swift; path = NotebookDoodle.swift; sourceTree = "<group>"; };
		A633B00400E44408AFB4DD4B /* LibraryStore.swift */ = {isa = PBXFileReference; lastKnownFileType = sourcecode.swift; path = LibraryStore.swift; sourceTree = "<group>"; };
		A6C4313F12B5F8D58586CABC /* LatexCompatibility.swift */ = {isa = PBXFileReference; lastKnownFileType = sourcecode.swift; path = LatexCompatibility.swift; sourceTree = "<group>"; };
		A6E4DDE9993647270960E6C2 /* CardEditorView.swift */ = {isa = PBXFileReference; lastKnownFileType = sourcecode.swift; path = CardEditorView.swift; sourceTree = "<group>"; };
		A936199CBCAFEC6DA6AE82E9 /* LiveStyler.swift */ = {isa = PBXFileReference; lastKnownFileType = sourcecode.swift; path = LiveStyler.swift; sourceTree = "<group>"; };
		B0A70B1BAD69690B4F5480FD /* TypingProbe.swift */ = {isa = PBXFileReference; lastKnownFileType = sourcecode.swift; path = TypingProbe.swift; sourceTree = "<group>"; };
		B6EE6E0A79E447449CF8B9E6 /* LiveMarkdownTests.swift */ = {isa = PBXFileReference; lastKnownFileType = sourcecode.swift; path = LiveMarkdownTests.swift; sourceTree = "<group>"; };
		B74613E361D1008F37D52C7D /* FlashcardSurface.swift */ = {isa = PBXFileReference; lastKnownFileType = sourcecode.swift; path = FlashcardSurface.swift; sourceTree = "<group>"; };
		B7A5570F2C62C9A73E4F1ED7 /* NotesNavigation.swift */ = {isa = PBXFileReference; lastKnownFileType = sourcecode.swift; path = NotesNavigation.swift; sourceTree = "<group>"; };
		BA80540B1A8E082DB6AF1429 /* Platform.swift */ = {isa = PBXFileReference; lastKnownFileType = sourcecode.swift; path = Platform.swift; sourceTree = "<group>"; };
		BC69D30D20A30414C1CAF279 /* AppState.swift */ = {isa = PBXFileReference; lastKnownFileType = sourcecode.swift; path = AppState.swift; sourceTree = "<group>"; };
		BE3DF1E879CCA73E14676B8B /* SubjectIcons+Technology.swift */ = {isa = PBXFileReference; lastKnownFileType = sourcecode.swift; path = "SubjectIcons+Technology.swift"; sourceTree = "<group>"; };
		BEA5B762D59F24BB59139A3A /* NameEditorSheet.swift */ = {isa = PBXFileReference; lastKnownFileType = sourcecode.swift; path = NameEditorSheet.swift; sourceTree = "<group>"; };
		C5A86F88F564DD468EE4A170 /* MigrationTests.swift */ = {isa = PBXFileReference; lastKnownFileType = sourcecode.swift; path = MigrationTests.swift; sourceTree = "<group>"; };
		C6589AD8278F3631AB285EE3 /* ScheduleState.swift */ = {isa = PBXFileReference; lastKnownFileType = sourcecode.swift; path = ScheduleState.swift; sourceTree = "<group>"; };
		C71376D3FF1CD1E3DA17A415 /* StudyQueueBuilder.swift */ = {isa = PBXFileReference; lastKnownFileType = sourcecode.swift; path = StudyQueueBuilder.swift; sourceTree = "<group>"; };
		C75BD3D6BABC81A9E22E05DC /* NoteToolbar.swift */ = {isa = PBXFileReference; lastKnownFileType = sourcecode.swift; path = NoteToolbar.swift; sourceTree = "<group>"; };
		CBE82013362742E379BDC7C0 /* TypstGallerySheet.swift */ = {isa = PBXFileReference; lastKnownFileType = sourcecode.swift; path = TypstGallerySheet.swift; sourceTree = "<group>"; };
		CCF3BEF328B9EFEE896418CB /* InkLab.swift */ = {isa = PBXFileReference; lastKnownFileType = sourcecode.swift; path = InkLab.swift; sourceTree = "<group>"; };
		CE8A429EB1BEE24FFE9CE16C /* TypstEngineTests.swift */ = {isa = PBXFileReference; lastKnownFileType = sourcecode.swift; path = TypstEngineTests.swift; sourceTree = "<group>"; };
		CEEDBD645D6620FD7D055BF6 /* Assets.xcassets */ = {isa = PBXFileReference; lastKnownFileType = folder.assetcatalog; path = Assets.xcassets; sourceTree = "<group>"; };
		CF7E5F5A69C72D8FA0B60435 /* BackupDocument.swift */ = {isa = PBXFileReference; lastKnownFileType = sourcecode.swift; path = BackupDocument.swift; sourceTree = "<group>"; };
		D01F5C377FB2D0897C04B1A6 /* SubjectIcons+Humanities.swift */ = {isa = PBXFileReference; lastKnownFileType = sourcecode.swift; path = "SubjectIcons+Humanities.swift"; sourceTree = "<group>"; };
		D12BCF790E0389FA64512B4B /* SearchView.swift */ = {isa = PBXFileReference; lastKnownFileType = sourcecode.swift; path = SearchView.swift; sourceTree = "<group>"; };
		D1D3F10A81056E2B9BF62CE3 /* InkControls.swift */ = {isa = PBXFileReference; lastKnownFileType = sourcecode.swift; path = InkControls.swift; sourceTree = "<group>"; };
		D251887050864C1276246D18 /* InkTests.swift */ = {isa = PBXFileReference; lastKnownFileType = sourcecode.swift; path = InkTests.swift; sourceTree = "<group>"; };
		D290C0256CB30E048474D412 /* TestStore.swift */ = {isa = PBXFileReference; lastKnownFileType = sourcecode.swift; path = TestStore.swift; sourceTree = "<group>"; };
		D7CDEC6CF690B3CFB8C3008B /* BackupModels.swift */ = {isa = PBXFileReference; lastKnownFileType = sourcecode.swift; path = BackupModels.swift; sourceTree = "<group>"; };
		DB65143066E4333550817388 /* SessionService.swift */ = {isa = PBXFileReference; lastKnownFileType = sourcecode.swift; path = SessionService.swift; sourceTree = "<group>"; };
		DC3EE2DABB77A98BCFF36DED /* LiveMarkdown.swift */ = {isa = PBXFileReference; lastKnownFileType = sourcecode.swift; path = LiveMarkdown.swift; sourceTree = "<group>"; };
		DC4F78330F423132BF9F8598 /* InkGeometry.swift */ = {isa = PBXFileReference; lastKnownFileType = sourcecode.swift; path = InkGeometry.swift; sourceTree = "<group>"; };
		DCEED400A492B18600497198 /* FolderView.swift */ = {isa = PBXFileReference; lastKnownFileType = sourcecode.swift; path = FolderView.swift; sourceTree = "<group>"; };
		DD7DC6E8928E3FCA113BE902 /* InkIcon.swift */ = {isa = PBXFileReference; lastKnownFileType = sourcecode.swift; path = InkIcon.swift; sourceTree = "<group>"; };
		DDA034CE6235E6F0F267237A /* VaultSetupView.swift */ = {isa = PBXFileReference; lastKnownFileType = sourcecode.swift; path = VaultSetupView.swift; sourceTree = "<group>"; };
		DE853FE8EF095AB9CB7DF9A9 /* LiveAttributes.swift */ = {isa = PBXFileReference; lastKnownFileType = sourcecode.swift; path = LiveAttributes.swift; sourceTree = "<group>"; };
		E35084084FB10D50F86C775C /* HandmadeDialog.swift */ = {isa = PBXFileReference; lastKnownFileType = sourcecode.swift; path = HandmadeDialog.swift; sourceTree = "<group>"; };
		E43C7C7C815F1AAF39931120 /* MarkdownToolbar.swift */ = {isa = PBXFileReference; lastKnownFileType = sourcecode.swift; path = MarkdownToolbar.swift; sourceTree = "<group>"; };
		E46CA8C2D909D15C25CBD137 /* SubjectIcons+Things.swift */ = {isa = PBXFileReference; lastKnownFileType = sourcecode.swift; path = "SubjectIcons+Things.swift"; sourceTree = "<group>"; };
		E6989E336A70DFE58873D6C9 /* VaultTree.swift */ = {isa = PBXFileReference; lastKnownFileType = sourcecode.swift; path = VaultTree.swift; sourceTree = "<group>"; };
		E92024DC64A85D0ED1D7B6AB /* Formatters.swift */ = {isa = PBXFileReference; lastKnownFileType = sourcecode.swift; path = Formatters.swift; sourceTree = "<group>"; };
		ECBD8A10A155DBCFB4756F82 /* SubjectIconTests.swift */ = {isa = PBXFileReference; lastKnownFileType = sourcecode.swift; path = SubjectIconTests.swift; sourceTree = "<group>"; };
		EE31C963CEF82E56A782734C /* RemnSchema.swift */ = {isa = PBXFileReference; lastKnownFileType = sourcecode.swift; path = RemnSchema.swift; sourceTree = "<group>"; };
		F7F41CB6015A124E2CFB1CB2 /* NoteInsertion.swift */ = {isa = PBXFileReference; lastKnownFileType = sourcecode.swift; path = NoteInsertion.swift; sourceTree = "<group>"; };
		F821E899D6DC91D13471A03D /* StudySessionRecord.swift */ = {isa = PBXFileReference; lastKnownFileType = sourcecode.swift; path = StudySessionRecord.swift; sourceTree = "<group>"; };
		F9F8773DB1CEB144AF19B013 /* TypstTemplates */ = {isa = PBXFileReference; lastKnownFileType = folder; name = TypstTemplates; path = remn/Resources/TypstTemplates; sourceTree = SOURCE_ROOT; };
		FA4B71DE6F2148CD6B96B600 /* Paper.swift */ = {isa = PBXFileReference; lastKnownFileType = sourcecode.swift; path = Paper.swift; sourceTree = "<group>"; };
		FB885D95D9D75D83379CBF88 /* RenderingTests.swift */ = {isa = PBXFileReference; lastKnownFileType = sourcecode.swift; path = RenderingTests.swift; sourceTree = "<group>"; };
		FB918FC5E723ACBE1B50FC2E /* FSRSSchedulerService.swift */ = {isa = PBXFileReference; lastKnownFileType = sourcecode.swift; path = FSRSSchedulerService.swift; sourceTree = "<group>"; };
		FE85CD67E822CBBAE756B71F /* DemoLibrary.swift */ = {isa = PBXFileReference; lastKnownFileType = sourcecode.swift; path = DemoLibrary.swift; sourceTree = "<group>"; };
/* End PBXFileReference section */

/* Begin PBXFrameworksBuildPhase section */
		4C6FA40B0EC78D2EB0C4A2E6 /* Frameworks */ = {
			isa = PBXFrameworksBuildPhase;
			buildActionMask = 2147483647;
			files = (
				65CE99766105949EDEE9FFD4 /* Textual in Frameworks */,
			);
			runOnlyForDeploymentPostprocessing = 0;
		};
		8196584445CB91F8A627C419 /* Frameworks */ = {
			isa = PBXFrameworksBuildPhase;
			buildActionMask = 2147483647;
			files = (
				3649F9D0E5378CBAA4B5DAB9 /* FSRS in Frameworks */,
				A18F701791A31A7E5F408E09 /* Textual in Frameworks */,
				6A9BE6DCE88C28F6513B9D36 /* SwiftUIMath in Frameworks */,
			);
			runOnlyForDeploymentPostprocessing = 0;
		};
/* End PBXFrameworksBuildPhase section */

/* Begin PBXGroup section */
		045A26DF5306A7BEAA07C6B4 /* Export */ = {
			isa = PBXGroup;
			children = (
				CF7E5F5A69C72D8FA0B60435 /* BackupDocument.swift */,
				D7CDEC6CF690B3CFB8C3008B /* BackupModels.swift */,
				913E471CBA713001F385716D /* BackupService.swift */,
				7C2499DE0F3CF80E54B2E115 /* CardExportView.swift */,
				467F839F80FCD6C92EEDB102 /* CardImageExporter.swift */,
			);
			path = Export;
			sourceTree = "<group>";
		};
		08045471B5297FF7DC343C87 /* Settings */ = {
			isa = PBXGroup;
			children = (
				96FB7111FB0DD9D20D2A60B3 /* SettingsView.swift */,
				4F8FF4FE80679E310B341FDE /* SRSExplainerSheet.swift */,
			);
			path = Settings;
			sourceTree = "<group>";
		};
		22C8656DC6AE01975BD8CE9B /* Emoji */ = {
			isa = PBXGroup;
			children = (
				11AEBEDAEA65A3531C73683D /* EmojiArt.swift */,
				378C11E4CC883FF465B91ECE /* EmojiFigure.swift */,
				86071E14AE4145787F65D2B5 /* EmojiRenderer.swift */,
				29A01082DADBF34A7BB90FB1 /* InkPencil.swift */,
			);
			path = Emoji;
			sourceTree = "<group>";
		};
		27B03767D7BC3A6FB90F0D22 /* Library */ = {
			isa = PBXGroup;
			children = (
				43359355A0A7079AF77BC1A9 /* CardRow.swift */,
				81440D7398777E78E1B6860F /* DeckDetailView.swift */,
				73C929193C5FD8C1D09F20C1 /* LibraryRow.swift */,
				11CC1397608ADD45DB488B72 /* LibraryView.swift */,
				3FCD11850748DFAC93771937 /* SubjectDetailView.swift */,
			);
			path = Library;
			sourceTree = "<group>";
		};
		2AE3EC0536D602277477390A /* Persistence */ = {
			isa = PBXGroup;
			children = (
				A633B00400E44408AFB4DD4B /* LibraryStore.swift */,
				EE31C963CEF82E56A782734C /* RemnSchema.swift */,
				1080BDD46E762B55739E7201 /* RemnSchemaV1.swift */,
				283255A26C9C9F9A453AA1ED /* RemnSchemaV2.swift */,
			);
			path = Persistence;
			sourceTree = "<group>";
		};
		2BF31850F41ECA3351FC57AC /* DesignSystem */ = {
			isa = PBXGroup;
			children = (
				22C8656DC6AE01975BD8CE9B /* Emoji */,
				2E656224D0D53E414737F296 /* Ink */,
				B74613E361D1008F37D52C7D /* FlashcardSurface.swift */,
				9ACE8C66501FBC9214D431FA /* HandmadeComponents.swift */,
				E35084084FB10D50F86C775C /* HandmadeDialog.swift */,
				D1D3F10A81056E2B9BF62CE3 /* InkControls.swift */,
				DD7DC6E8928E3FCA113BE902 /* InkIcon.swift */,
				A2448272CFF047F6FBD50C9B /* NotebookDoodle.swift */,
				BA80540B1A8E082DB6AF1429 /* Platform.swift */,
				73275047DD887BC610647B2A /* RemnColors.swift */,
				1E99BF5C47CF0005283FDD06 /* RemnNavigationHeader.swift */,
				3D2767AD6663EDF37938359D /* RemnTypography.swift */,
			);
			path = DesignSystem;
			sourceTree = "<group>";
		};
		2E656224D0D53E414737F296 /* Ink */ = {
			isa = PBXGroup;
			children = (
				14085CF2096D3280F9118976 /* InkBrush.swift */,
				DC4F78330F423132BF9F8598 /* InkGeometry.swift */,
				CCF3BEF328B9EFEE896418CB /* InkLab.swift */,
				4431F557969C3FEC33F2F38D /* InkRandom.swift */,
				71C746400442FB7DBF6C46CA /* InkShapes.swift */,
				48884F3A496DF7412F048BD7 /* InkText.swift */,
				FA4B71DE6F2148CD6B96B600 /* Paper.swift */,
				2F16E415713C31E8C0695AF3 /* PaperGrain.metal */,
			);
			path = Ink;
			sourceTree = "<group>";
		};
		3175060EBDB429DC289BB4B8 = {
			isa = PBXGroup;
			children = (
				91DA0A372F6C517D412DF748 /* remn */,
				6BE597169E14831D67D6FC5B /* remnTests */,
				3152FFBB15592FE40C3FB6BA /* TypstPackages */,
				F9F8773DB1CEB144AF19B013 /* TypstTemplates */,
				B82CD1D6F11AB9539A838890 /* Products */,
			);
			sourceTree = "<group>";
		};
		44B9474EF334E2856ED85927 /* Editor */ = {
			isa = PBXGroup;
			children = (
				DE853FE8EF095AB9CB7DF9A9 /* LiveAttributes.swift */,
				1337E23F9F06A70D7E48FE30 /* LiveEditorController.swift */,
				6E3CF1031579B35E973BB230 /* LiveEditorView.swift */,
				564171CC532564B94DA92791 /* LiveLayoutManager.swift */,
				DC3EE2DABB77A98BCFF36DED /* LiveMarkdown.swift */,
				3B560B86BB3D8E23E083F82E /* LiveRenderer.swift */,
				A936199CBCAFEC6DA6AE82E9 /* LiveStyler.swift */,
				F7F41CB6015A124E2CFB1CB2 /* NoteInsertion.swift */,
				9B2A6619428464DAD900A229 /* TypstEngine.swift */,
			);
			path = Editor;
			sourceTree = "<group>";
		};
		47CC1508ED14094EDF478614 /* Rendering */ = {
			isa = PBXGroup;
			children = (
				7C02176044374CB1713244F6 /* CardContentView.swift */,
				9F4E40F875B27C4CFBA7E1F1 /* CardDetailView.swift */,
				A6C4313F12B5F8D58586CABC /* LatexCompatibility.swift */,
				9F72936533B36DABA6988A35 /* MarkdownRenderSource.swift */,
				1888021129F6DC0B39144A81 /* OfflineAttachmentLoader.swift */,
				61D62DB0BDB38E94A38C92D4 /* RemnTextStyle.swift */,
			);
			path = Rendering;
			sourceTree = "<group>";
		};
		4B23520C5D67E41583BA6CB3 /* Shared */ = {
			isa = PBXGroup;
			children = (
				29F95FD1076C503DAC0C2F44 /* Flashcard+Display.swift */,
				E92024DC64A85D0ED1D7B6AB /* Formatters.swift */,
				BEA5B762D59F24BB59139A3A /* NameEditorSheet.swift */,
			);
			path = Shared;
			sourceTree = "<group>";
		};
		51E84CEF3816AE15085C02AC /* Search */ = {
			isa = PBXGroup;
			children = (
				8D4751617CF215BF60BAE16C /* CardSearch.swift */,
				D12BCF790E0389FA64512B4B /* SearchView.swift */,
			);
			path = Search;
			sourceTree = "<group>";
		};
		66EDB04A5FE4166FB410A5B7 /* Resources */ = {
			isa = PBXGroup;
			children = (
				8D9D015F4AB4D2A4EC186AC0 /* Fonts */,
				CEEDBD645D6620FD7D055BF6 /* Assets.xcassets */,
				8E542A22B3B0207CEDE1E98D /* Info.plist */,
				15A858101FE1C0ACD7EBDF5A /* Localizable.xcstrings */,
				27F704B7B8F11803E5DE940C /* remn-iOS.entitlements */,
				23A3FFBF0BC7C0304F7C1D13 /* remn-macOS.entitlements */,
			);
			path = Resources;
			sourceTree = "<group>";
		};
		6BE597169E14831D67D6FC5B /* remnTests */ = {
			isa = PBXGroup;
			children = (
				7E2D647215E4ECF91FFE78E5 /* BackupTests.swift */,
				D251887050864C1276246D18 /* InkTests.swift */,
				0835D6F4F12BA15B2CCEA1C4 /* LatexCompatibilityTests.swift */,
				2437A96F3B6868C44924CD54 /* LiveEditorControllerTests.swift */,
				B6EE6E0A79E447449CF8B9E6 /* LiveMarkdownTests.swift */,
				8EBA7916C8227395AC5B4A57 /* LivePerformanceTests.swift */,
				0CB915D1D420B9A059AC5983 /* LiveRestyleTests.swift */,
				33ACB66E2E41DAF6B7721782 /* MarkdownInsertionTests.swift */,
				C5A86F88F564DD468EE4A170 /* MigrationTests.swift */,
				3883F3714493B8CE91778CA3 /* NotesVaultTests.swift */,
				50FF9B7EDA1C99BA82A90902 /* PersistenceTests.swift */,
				FB885D95D9D75D83379CBF88 /* RenderingTests.swift */,
				5F6459C94EE97FBF98F20517 /* SchedulerTests.swift */,
				5A3E5915E4007738575047C4 /* SearchTests.swift */,
				1094BA94AB0FA576E2719827 /* StudyQueueTests.swift */,
				ECBD8A10A155DBCFB4756F82 /* SubjectIconTests.swift */,
				D290C0256CB30E048474D412 /* TestStore.swift */,
				0B436C4FDEB91DA5CE27C987 /* TypographyTests.swift */,
				CE8A429EB1BEE24FFE9CE16C /* TypstEngineTests.swift */,
			);
			path = remnTests;
			sourceTree = "<group>";
		};
		6EDFEA5D6CA068D8D06B0091 /* Scheduling */ = {
			isa = PBXGroup;
			children = (
				FB918FC5E723ACBE1B50FC2E /* FSRSSchedulerService.swift */,
				7BB45169EF35C9E4CB79AF60 /* ReviewService.swift */,
				DB65143066E4333550817388 /* SessionService.swift */,
				8D8E21F5B2A822AB13F5AAA2 /* SpacedRepetitionScheduling.swift */,
				C71376D3FF1CD1E3DA17A415 /* StudyQueueBuilder.swift */,
			);
			path = Scheduling;
			sourceTree = "<group>";
		};
		85232045329ACB108846B5DA /* Vault */ = {
			isa = PBXGroup;
			children = (
				867AB964E10295C861743490 /* Vault.swift */,
				1F1C6EB52842729B7FC742EE /* VaultLocation.swift */,
				E6989E336A70DFE58873D6C9 /* VaultTree.swift */,
			);
			path = Vault;
			sourceTree = "<group>";
		};
		8A717E7855256B7C4A09895A /* Views */ = {
			isa = PBXGroup;
			children = (
				DCEED400A492B18600497198 /* FolderView.swift */,
				1B7334397D719E6AD2D59D3D /* NoteRow.swift */,
				B7A5570F2C62C9A73E4F1ED7 /* NotesNavigation.swift */,
				C75BD3D6BABC81A9E22E05DC /* NoteToolbar.swift */,
				434A1198DA3C579F85731508 /* NoteView.swift */,
				CBE82013362742E379BDC7C0 /* TypstGallerySheet.swift */,
				DDA034CE6235E6F0F267237A /* VaultSetupView.swift */,
			);
			path = Views;
			sourceTree = "<group>";
		};
		8AA60182F759F0B7CD0D8D07 /* Models */ = {
			isa = PBXGroup;
			children = (
				55A4050B3C2FC8F8B5C1E7E1 /* Deck.swift */,
				73C16DF9943FC0278AB4985E /* Flashcard.swift */,
				8582F224E564AE10A9C73E52 /* ReviewLogEntry.swift */,
				C6589AD8278F3631AB285EE3 /* ScheduleState.swift */,
				F821E899D6DC91D13471A03D /* StudySessionRecord.swift */,
				21FF9D89B5DA9AC233E8B060 /* SubjectModel.swift */,
			);
			path = Models;
			sourceTree = "<group>";
		};
		8D9D015F4AB4D2A4EC186AC0 /* Fonts */ = {
			isa = PBXGroup;
			children = (
				42069C92CF073079F40906C8 /* Neucha.ttf */,
				8E81AAA1C00CC010CB3D6311 /* OFL-Neucha.txt */,
			);
			path = Fonts;
			sourceTree = "<group>";
		};
		91DA0A372F6C517D412DF748 /* remn */ = {
			isa = PBXGroup;
			children = (
				E6754E995367F5742F74CDC2 /* App */,
				2BF31850F41ECA3351FC57AC /* DesignSystem */,
				D14D29BD274CEEC6C52F79FE /* Editor */,
				045A26DF5306A7BEAA07C6B4 /* Export */,
				27B03767D7BC3A6FB90F0D22 /* Library */,
				8AA60182F759F0B7CD0D8D07 /* Models */,
				D9954AE7C181724FE975CA14 /* Notes */,
				2AE3EC0536D602277477390A /* Persistence */,
				47CC1508ED14094EDF478614 /* Rendering */,
				66EDB04A5FE4166FB410A5B7 /* Resources */,
				6EDFEA5D6CA068D8D06B0091 /* Scheduling */,
				51E84CEF3816AE15085C02AC /* Search */,
				08045471B5297FF7DC343C87 /* Settings */,
				4B23520C5D67E41583BA6CB3 /* Shared */,
				B640F1F1DCA33001C8168504 /* Study */,
				CBA0B9DFF3C21B0DEE711EE0 /* SubjectIcons */,
			);
			path = remn;
			sourceTree = "<group>";
		};
		B640F1F1DCA33001C8168504 /* Study */ = {
			isa = PBXGroup;
			children = (
				588D5C69EA069B1E964F4EB3 /* RatingButton.swift */,
				5E651FAD0206B556F1BBD189 /* StudyCompletionView.swift */,
				7250732A28B966A2ACF6C75F /* StudySessionView.swift */,
				17CC62A0E6A629ABDA580F04 /* StudySetupSheet.swift */,
			);
			path = Study;
			sourceTree = "<group>";
		};
		B82CD1D6F11AB9539A838890 /* Products */ = {
			isa = PBXGroup;
			children = (
				2A92BF2EDB3DC41B3D94FAEB /* remn.app */,
				8DA8F4AD5776093C55599AE8 /* remnTests.xctest */,
			);
			name = Products;
			sourceTree = "<group>";
		};
		CBA0B9DFF3C21B0DEE711EE0 /* SubjectIcons */ = {
			isa = PBXGroup;
			children = (
				92D83F4115B9B8F0ED52CAA2 /* SubjectIcon.swift */,
				D01F5C377FB2D0897C04B1A6 /* SubjectIcons+Humanities.swift */,
				A222FA1D0A10D0D8A09F0E89 /* SubjectIcons+Languages.swift */,
				92DEFE3E9033C1A73B7A60BB /* SubjectIcons+Sciences.swift */,
				BE3DF1E879CCA73E14676B8B /* SubjectIcons+Technology.swift */,
				E46CA8C2D909D15C25CBD137 /* SubjectIcons+Things.swift */,
			);
			path = SubjectIcons;
			sourceTree = "<group>";
		};
		D14D29BD274CEEC6C52F79FE /* Editor */ = {
			isa = PBXGroup;
			children = (
				A6E4DDE9993647270960E6C2 /* CardEditorView.swift */,
				E43C7C7C815F1AAF39931120 /* MarkdownToolbar.swift */,
			);
			path = Editor;
			sourceTree = "<group>";
		};
		D9954AE7C181724FE975CA14 /* Notes */ = {
			isa = PBXGroup;
			children = (
				44B9474EF334E2856ED85927 /* Editor */,
				F1E93F2B5F5F2DB217AB4A84 /* Model */,
				85232045329ACB108846B5DA /* Vault */,
				8A717E7855256B7C4A09895A /* Views */,
			);
			path = Notes;
			sourceTree = "<group>";
		};
		E6754E995367F5742F74CDC2 /* App */ = {
			isa = PBXGroup;
			children = (
				BC69D30D20A30414C1CAF279 /* AppState.swift */,
				FE85CD67E822CBBAE756B71F /* DemoLibrary.swift */,
				6895F64A4DB608E8E9F16891 /* remnApp.swift */,
				1D08D9FDB393E2857A395E38 /* RemnCommands.swift */,
				6AC017E7D16B771C0C61176D /* RootView.swift */,
				B0A70B1BAD69690B4F5480FD /* TypingProbe.swift */,
				83F38508692CF3C7DF09D251 /* WindowSnapshot.swift */,
			);
			path = App;
			sourceTree = "<group>";
		};
		F1E93F2B5F5F2DB217AB4A84 /* Model */ = {
			isa = PBXGroup;
			children = (
				78A8D0CD4582B1FAECF8B189 /* FrontMatter.swift */,
				263980D52455E1C8F51A106D /* ImageAttachment.swift */,
				6313919740ACE4171A83747E /* NoteDocument.swift */,
				458D01B507BC930CE47B5B16 /* NoteFont.swift */,
			);
			path = Model;
			sourceTree = "<group>";
		};
/* End PBXGroup section */

/* Begin PBXNativeTarget section */
		0FF614E38E94770795DDF3EB /* remnTests */ = {
			isa = PBXNativeTarget;
			buildConfigurationList = B06685E1004B4AB0C2DC9B10 /* Build configuration list for PBXNativeTarget "remnTests" */;
			buildPhases = (
				D3DDF6EDFABE28486B0BAF07 /* Sources */,
				4C6FA40B0EC78D2EB0C4A2E6 /* Frameworks */,
			);
			buildRules = (
			);
			dependencies = (
				09855AED8D213819AB84562E /* PBXTargetDependency */,
			);
			name = remnTests;
			packageProductDependencies = (
				7620BA764C7F419A19C59B26 /* Textual */,
			);
			productName = remnTests;
			productReference = 8DA8F4AD5776093C55599AE8 /* remnTests.xctest */;
			productType = "com.apple.product-type.bundle.unit-test";
		};
		C62777D0F8DB9E83A5B2D0FC /* remn */ = {
			isa = PBXNativeTarget;
			buildConfigurationList = 06D7E7323C290885F7B7AE4A /* Build configuration list for PBXNativeTarget "remn" */;
			buildPhases = (
				FFD6148DB8DC1B21D82CB7B5 /* Build the Typst engine */,
				FD98B5122F0E252E10989A18 /* Sources */,
				BA0585A61244DEC3217EE668 /* Resources */,
				8196584445CB91F8A627C419 /* Frameworks */,
			);
			buildRules = (
			);
			dependencies = (
			);
			name = remn;
			packageProductDependencies = (
				9C872FA061B2B00407064909 /* FSRS */,
				5174D1AE01955FB0D3DBD0A8 /* Textual */,
				DD7828D10E9294004A691F89 /* SwiftUIMath */,
			);
			productName = remn;
			productReference = 2A92BF2EDB3DC41B3D94FAEB /* remn.app */;
			productType = "com.apple.product-type.application";
		};
/* End PBXNativeTarget section */

/* Begin PBXProject section */
		174B6AA881FD2A9939149198 /* Project object */ = {
			isa = PBXProject;
			attributes = {
				BuildIndependentTargetsInParallel = YES;
				LastUpgradeCheck = 2600;
				TargetAttributes = {
					0FF614E38E94770795DDF3EB = {
						DevelopmentTeam = KX98K6BPAP;
						ProvisioningStyle = Automatic;
					};
					C62777D0F8DB9E83A5B2D0FC = {
						DevelopmentTeam = KX98K6BPAP;
						ProvisioningStyle = Automatic;
					};
				};
			};
			buildConfigurationList = DCFDEFA9C7118DD53C003E8B /* Build configuration list for PBXProject "remn" */;
			developmentRegion = en;
			hasScannedForEncodings = 0;
			knownRegions = (
				Base,
				en,
				ru,
			);
			mainGroup = 3175060EBDB429DC289BB4B8;
			minimizedProjectReferenceProxies = 1;
			packageReferences = (
				BCD6E6DC010B9706FDF2B479 /* XCRemoteSwiftPackageReference "swift-fsrs" */,
				30411CD30A0608D93C74F88F /* XCRemoteSwiftPackageReference "swiftui-math" */,
				453EB28F749380770B74B8B8 /* XCRemoteSwiftPackageReference "textual" */,
			);
			preferredProjectObjectVersion = 77;
			productRefGroup = B82CD1D6F11AB9539A838890 /* Products */;
			projectDirPath = "";
			projectRoot = "";
			targets = (
				C62777D0F8DB9E83A5B2D0FC /* remn */,
				0FF614E38E94770795DDF3EB /* remnTests */,
			);
		};
/* End PBXProject section */

/* Begin PBXResourcesBuildPhase section */
		BA0585A61244DEC3217EE668 /* Resources */ = {
			isa = PBXResourcesBuildPhase;
			buildActionMask = 2147483647;
			files = (
				0680B43FC7FAE7F5CC0E8D52 /* Assets.xcassets in Resources */,
				502559E1A39C1AFCB31744F7 /* Localizable.xcstrings in Resources */,
				3D8BAD16B6A5ABC6B5CB5E4B /* Neucha.ttf in Resources */,
				85D56E9E8A625BA104E1A6B5 /* OFL-Neucha.txt in Resources */,
				B91A66E29DEA5EB83B2BD6B7 /* TypstPackages in Resources */,
				540C704A89CCB8FB911B1C4B /* TypstTemplates in Resources */,
			);
			runOnlyForDeploymentPostprocessing = 0;
		};
/* End PBXResourcesBuildPhase section */

/* Begin PBXShellScriptBuildPhase section */
		FFD6148DB8DC1B21D82CB7B5 /* Build the Typst engine */ = {
			isa = PBXShellScriptBuildPhase;
			alwaysOutOfDate = 1;
			buildActionMask = 2147483647;
			files = (
			);
			inputFileListPaths = (
			);
			inputPaths = (
			);
			name = "Build the Typst engine";
			outputFileListPaths = (
			);
			outputPaths = (
				"$(BUILT_PRODUCTS_DIR)/RemnTypst/libremn_typst.a",
			);
			runOnlyForDeploymentPostprocessing = 0;
			shellPath = /bin/sh;
			shellScript = "\"${PROJECT_DIR}/Scripts/build-typst.sh\"";
		};
/* End PBXShellScriptBuildPhase section */

/* Begin PBXSourcesBuildPhase section */
		D3DDF6EDFABE28486B0BAF07 /* Sources */ = {
			isa = PBXSourcesBuildPhase;
			buildActionMask = 2147483647;
			files = (
				B97F03BBBBE9EF9EE4E4EB8C /* BackupTests.swift in Sources */,
				6F8D4E70373F20148A2EB710 /* InkTests.swift in Sources */,
				44133BD178E99E0A12ED1A9D /* LatexCompatibilityTests.swift in Sources */,
				88CF5D4CB9CC6ADFCF507728 /* LiveEditorControllerTests.swift in Sources */,
				F9CEF11156B6FDB2BFD829A6 /* LiveMarkdownTests.swift in Sources */,
				110CFD04763FBAE1D6C46BD8 /* LivePerformanceTests.swift in Sources */,
				2491E2258A75792464F48C33 /* LiveRestyleTests.swift in Sources */,
				880C040EFDCFDAE634DC979D /* MarkdownInsertionTests.swift in Sources */,
				33AD97F101650ED72CC8054C /* MigrationTests.swift in Sources */,
				DE6833B38569F78D0F7F5EB9 /* NotesVaultTests.swift in Sources */,
				DC13F65B617F8F51CB68B8C8 /* PersistenceTests.swift in Sources */,
				E6696187C18A4755619470B3 /* RenderingTests.swift in Sources */,
				582B9734788D4EE00885E407 /* SchedulerTests.swift in Sources */,
				315C8545FC80419C34388BD6 /* SearchTests.swift in Sources */,
				1E4D4541793BEF1485AE1EBB /* StudyQueueTests.swift in Sources */,
				CD236CB2D790359F5788B380 /* SubjectIconTests.swift in Sources */,
				07BE7C23C410B92065C2DB70 /* TestStore.swift in Sources */,
				98705C3430B162F02177519A /* TypographyTests.swift in Sources */,
				0869A8039E6AD830B91307F6 /* TypstEngineTests.swift in Sources */,
			);
			runOnlyForDeploymentPostprocessing = 0;
		};
		FD98B5122F0E252E10989A18 /* Sources */ = {
			isa = PBXSourcesBuildPhase;
			buildActionMask = 2147483647;
			files = (
				7AA28B3B566D5144EFD9604C /* AppState.swift in Sources */,
				83BC85979D2AB02E8FE7F052 /* BackupDocument.swift in Sources */,
				75DBDC84D21711F5F26B9E28 /* BackupModels.swift in Sources */,
				02D0D0C9884E589507EFE730 /* BackupService.swift in Sources */,
				28013FB6B872F09210C975FE /* CardContentView.swift in Sources */,
				959D77BE232E20D5823CDC85 /* CardDetailView.swift in Sources */,
				F89C2F844176B56B482A08AA /* CardEditorView.swift in Sources */,
				EC5D100A8C97CC473A47287C /* CardExportView.swift in Sources */,
				86CC0DCFE16407979C93A586 /* CardImageExporter.swift in Sources */,
				0687742BC216D31053B9A815 /* CardRow.swift in Sources */,
				E9039D7B2418A258D6593C74 /* CardSearch.swift in Sources */,
				707019A24C095F95E9E8AA85 /* Deck.swift in Sources */,
				B2FD3DF88AFE4FE8B951BAF4 /* DeckDetailView.swift in Sources */,
				5CDFE84241142050814B8F81 /* DemoLibrary.swift in Sources */,
				D6ECBB79A90EB01D1A66C5B3 /* EmojiArt.swift in Sources */,
				F84625FA29006BF459764CF2 /* EmojiFigure.swift in Sources */,
				77290B61B6352E97E122BBD0 /* EmojiRenderer.swift in Sources */,
				7ADA5F050256C62E1F361A60 /* FSRSSchedulerService.swift in Sources */,
				F3E30020DAC50E4107057764 /* Flashcard+Display.swift in Sources */,
				1530F51EA72ABD44CA007034 /* Flashcard.swift in Sources */,
				78F33C9003CA07274546D4C8 /* FlashcardSurface.swift in Sources */,
				61CC8CF09A60D88C90358659 /* FolderView.swift in Sources */,
				3946DFBC2D26E5AF69D25DC7 /* Formatters.swift in Sources */,
				BD78710A9B5D8FF51CD5102F /* FrontMatter.swift in Sources */,
				D797D3202B36BEFE11F83B11 /* HandmadeComponents.swift in Sources */,
				CD3F1776C35ECC20D198BA06 /* HandmadeDialog.swift in Sources */,
				0BFCAAB456A60101B0760F89 /* ImageAttachment.swift in Sources */,
				573975F1F32C434BFE532823 /* InkBrush.swift in Sources */,
				931B84337657DF2ABC1C4883 /* InkControls.swift in Sources */,
				E4D99213CDEF8C7847690FE2 /* InkGeometry.swift in Sources */,
				4BF33359FF4B421D80BA8F47 /* InkIcon.swift in Sources */,
				889D5D212046B2937FA0F092 /* InkLab.swift in Sources */,
				1C5EDC398E974C2E1EEADDC1 /* InkPencil.swift in Sources */,
				3EAD7E7ECAACD7EC1BE53B68 /* InkRandom.swift in Sources */,
				924AB57832B9B4040CED4A11 /* InkShapes.swift in Sources */,
				18122817421751BC644D80BB /* InkText.swift in Sources */,
				62807AD110E888CFA1851128 /* LatexCompatibility.swift in Sources */,
				8B57FB701B37D5C1D1BEC6BB /* LibraryRow.swift in Sources */,
				BFB0576E60E740FE20C511ED /* LibraryStore.swift in Sources */,
				692C63800919DA68D9627B7E /* LibraryView.swift in Sources */,
				19069CECCA4E81CF614E70F2 /* LiveAttributes.swift in Sources */,
				5AE6B7CF1E7E37EFF9FAE965 /* LiveEditorController.swift in Sources */,
				28DADDEA23A9D58F137D94AF /* LiveEditorView.swift in Sources */,
				8A8E7A0F29ECD88EB74E02EA /* LiveLayoutManager.swift in Sources */,
				7E64D36AC691E763DDAB1A19 /* LiveMarkdown.swift in Sources */,
				A298F1A17DF7176D35B468F1 /* LiveRenderer.swift in Sources */,
				2EF19357C1614F1748745E45 /* LiveStyler.swift in Sources */,
				4E5EF8B6ED839026B92947BE /* MarkdownRenderSource.swift in Sources */,
				84A1445B9CBB86947D7B0488 /* MarkdownToolbar.swift in Sources */,
				7A0248F25ED7DB1837DF7E9B /* NameEditorSheet.swift in Sources */,
				D30EFB47624C370F8E5D401B /* NoteDocument.swift in Sources */,
				24D9F202B1BE5B61EC368BE9 /* NoteFont.swift in Sources */,
				48FE3E1D0592CEABD8FF66A2 /* NoteInsertion.swift in Sources */,
				18B44B3E651531E927A35A39 /* NoteRow.swift in Sources */,
				A1426C78FC8118006400A20B /* NoteToolbar.swift in Sources */,
				B6B9C2E53EA0AC4BC49B7A1B /* NoteView.swift in Sources */,
				8DBD8354CBAAFEEE718BBE23 /* NotebookDoodle.swift in Sources */,
				059E593A50A7F10FCB72C5B6 /* NotesNavigation.swift in Sources */,
				19FD03CC87C582DD051AF70B /* OfflineAttachmentLoader.swift in Sources */,
				44B81357AA1A22C6C5653E71 /* Paper.swift in Sources */,
				5DD9219111002EC25AA7D395 /* PaperGrain.metal in Sources */,
				2677F9747943172FD033A62D /* Platform.swift in Sources */,
				DA0BA9A8F72664485C69EA61 /* RatingButton.swift in Sources */,
				A9305ED863AAED8616065F46 /* RemnColors.swift in Sources */,
				EE8B34F39CAB36A385A6AE39 /* RemnCommands.swift in Sources */,
				DCA22BC85351846C9E8D9392 /* RemnNavigationHeader.swift in Sources */,
				B86480F4C6B017013F1F8DF2 /* RemnSchema.swift in Sources */,
				A2371635291D0076C4D56119 /* RemnSchemaV1.swift in Sources */,
				F3FF45C53C8B1A124E969BC4 /* RemnSchemaV2.swift in Sources */,
				F7BF1560E4A8642001B0CA86 /* RemnTextStyle.swift in Sources */,
				A3CFDFB7B4BA2F995A627EA2 /* RemnTypography.swift in Sources */,
				8C92B2347AADF0C43F2E0D36 /* ReviewLogEntry.swift in Sources */,
				CC5875A2D467A031279A6390 /* ReviewService.swift in Sources */,
				F8E44050781AEE3AB274F377 /* RootView.swift in Sources */,
				C907C501075A365FE2DBD930 /* SRSExplainerSheet.swift in Sources */,
				ED3DFE877C970B008EFC696E /* ScheduleState.swift in Sources */,
				CD0FAC7C2A8C07479BCF8F21 /* SearchView.swift in Sources */,
				FE3B2A86AD4B7E2969557A84 /* SessionService.swift in Sources */,
				9DAF5A8520707E228551C8B2 /* SettingsView.swift in Sources */,
				59FAA8DAA83C5B42EAB32515 /* SpacedRepetitionScheduling.swift in Sources */,
				7B8D0338BB157D1002BD38F7 /* StudyCompletionView.swift in Sources */,
				2C977A18EA5D91596EA5BBA5 /* StudyQueueBuilder.swift in Sources */,
				DC32AA72F178C78D2BAD618F /* StudySessionRecord.swift in Sources */,
				A1DC0E473AC893DF6CA46127 /* StudySessionView.swift in Sources */,
				2186EA12EDEF5D164D4C50DC /* StudySetupSheet.swift in Sources */,
				A4B8A9D61AAEE3C98E00D5EC /* SubjectDetailView.swift in Sources */,
				299A403849D79BA8DF082768 /* SubjectIcon.swift in Sources */,
				94362D5BACD6395D4C2B4B9F /* SubjectIcons+Humanities.swift in Sources */,
				3C0291A2B8206BD875E145E0 /* SubjectIcons+Languages.swift in Sources */,
				0B7C278F2D61005B689116AD /* SubjectIcons+Sciences.swift in Sources */,
				FAED9AE00FDEA72F72E5BEB9 /* SubjectIcons+Technology.swift in Sources */,
				987AB1B480ACEA86FBB475EA /* SubjectIcons+Things.swift in Sources */,
				77CE4F9591967D8D25C5A624 /* SubjectModel.swift in Sources */,
				FD4DCDAD4BAD263DF78996FC /* TypingProbe.swift in Sources */,
				7CF5BB22F5CD0AD9A0F8876C /* TypstEngine.swift in Sources */,
				4572E8E2D5328AAD4454978B /* TypstGallerySheet.swift in Sources */,
				53ACFFA0C94E4C719D782B1B /* Vault.swift in Sources */,
				A5C73E929AC2E6AD4A0EDDC3 /* VaultLocation.swift in Sources */,
				7ABD3C5CB7D2820E064BADE4 /* VaultSetupView.swift in Sources */,
				B84D0145065550D266A16368 /* VaultTree.swift in Sources */,
				2BDD428AB4B530BDDF572D37 /* WindowSnapshot.swift in Sources */,
				3D2BE4F9D08CA429259D4531 /* remnApp.swift in Sources */,
			);
			runOnlyForDeploymentPostprocessing = 0;
		};
/* End PBXSourcesBuildPhase section */

/* Begin PBXTargetDependency section */
		09855AED8D213819AB84562E /* PBXTargetDependency */ = {
			isa = PBXTargetDependency;
			target = C62777D0F8DB9E83A5B2D0FC /* remn */;
			targetProxy = 47982046A83BE9EA995BDD5A /* PBXContainerItemProxy */;
		};
/* End PBXTargetDependency section */

/* Begin XCBuildConfiguration section */
		0E0605FEAA2A68A3879C53B9 /* Debug */ = {
			isa = XCBuildConfiguration;
			buildSettings = {
				ASSETCATALOG_COMPILER_APPICON_NAME = AppIcon;
				"CODE_SIGN_ENTITLEMENTS[sdk=iphone*]" = "remn/Resources/remn-iOS.entitlements";
				"CODE_SIGN_ENTITLEMENTS[sdk=macosx*]" = "remn/Resources/remn-macOS.entitlements";
				CODE_SIGN_IDENTITY = "Apple Development";
				ENABLE_HARDENED_RUNTIME = YES;
				ENABLE_USER_SCRIPT_SANDBOXING = NO;
				INFOPLIST_FILE = remn/Resources/Info.plist;
				LD_RUNPATH_SEARCH_PATHS = (
					"$(inherited)",
					"@executable_path/Frameworks",
				);
				"LD_RUNPATH_SEARCH_PATHS[sdk=macosx*]" = "$(inherited) @executable_path/../Frameworks";
				LIBRARY_SEARCH_PATHS = "$(BUILT_PRODUCTS_DIR)/RemnTypst";
				PRODUCT_BUNDLE_IDENTIFIER = "com.chemical-pink.remn";
				PRODUCT_NAME = remn;
				SDKROOT = auto;
				SUPPORTED_PLATFORMS = "iphoneos iphonesimulator macosx";
				SUPPORTS_MACCATALYST = NO;
				SUPPORTS_MAC_DESIGNED_FOR_IPHONE_IPAD = NO;
				SUPPORTS_XR_DESIGNED_FOR_IPHONE_IPAD = YES;
				SWIFT_INCLUDE_PATHS = "$(PROJECT_DIR)/Typst/include";
				TARGETED_DEVICE_FAMILY = "1,2";
			};
			name = Debug;
		};
		3BB90652CE0305BBE03D7E27 /* Release */ = {
			isa = XCBuildConfiguration;
			buildSettings = {
				ASSETCATALOG_COMPILER_APPICON_NAME = AppIcon;
				"CODE_SIGN_ENTITLEMENTS[sdk=iphone*]" = "remn/Resources/remn-iOS.entitlements";
				"CODE_SIGN_ENTITLEMENTS[sdk=macosx*]" = "remn/Resources/remn-macOS.entitlements";
				CODE_SIGN_IDENTITY = "Apple Development";
				ENABLE_HARDENED_RUNTIME = YES;
				ENABLE_USER_SCRIPT_SANDBOXING = NO;
				INFOPLIST_FILE = remn/Resources/Info.plist;
				LD_RUNPATH_SEARCH_PATHS = (
					"$(inherited)",
					"@executable_path/Frameworks",
				);
				"LD_RUNPATH_SEARCH_PATHS[sdk=macosx*]" = "$(inherited) @executable_path/../Frameworks";
				LIBRARY_SEARCH_PATHS = "$(BUILT_PRODUCTS_DIR)/RemnTypst";
				PRODUCT_BUNDLE_IDENTIFIER = "com.chemical-pink.remn";
				PRODUCT_NAME = remn;
				SDKROOT = auto;
				SUPPORTED_PLATFORMS = "iphoneos iphonesimulator macosx";
				SUPPORTS_MACCATALYST = NO;
				SUPPORTS_MAC_DESIGNED_FOR_IPHONE_IPAD = NO;
				SUPPORTS_XR_DESIGNED_FOR_IPHONE_IPAD = YES;
				SWIFT_INCLUDE_PATHS = "$(PROJECT_DIR)/Typst/include";
				TARGETED_DEVICE_FAMILY = "1,2";
			};
			name = Release;
		};
		62A3E845A89D60CE7CB874BC /* Release */ = {
			isa = XCBuildConfiguration;
			buildSettings = {
				BUNDLE_LOADER = "$(TEST_HOST)";
				GENERATE_INFOPLIST_FILE = YES;
				LD_RUNPATH_SEARCH_PATHS = (
					"$(inherited)",
					"@executable_path/Frameworks",
					"@loader_path/Frameworks",
				);
				LIBRARY_SEARCH_PATHS = "$(BUILT_PRODUCTS_DIR)/RemnTypst";
				PRODUCT_BUNDLE_IDENTIFIER = "com.chemical-pink.remn.tests";
				SDKROOT = iphoneos;
				SWIFT_INCLUDE_PATHS = "$(PROJECT_DIR)/Typst/include";
				TARGETED_DEVICE_FAMILY = "1,2";
				TEST_HOST = "$(BUILT_PRODUCTS_DIR)/remn.app/remn";
			};
			name = Release;
		};
		78B0524B8002C163834C542F /* Debug */ = {
			isa = XCBuildConfiguration;
			buildSettings = {
				ALWAYS_SEARCH_USER_PATHS = NO;
				ASSETCATALOG_COMPILER_APPICON_NAME = AppIcon;
				ASSETCATALOG_COMPILER_GLOBAL_ACCENT_COLOR_NAME = AccentColor;
				CLANG_ANALYZER_NONNULL = YES;
				CLANG_ANALYZER_NUMBER_OBJECT_CONVERSION = YES_AGGRESSIVE;
				CLANG_CXX_LANGUAGE_STANDARD = "gnu++14";
				CLANG_CXX_LIBRARY = "libc++";
				CLANG_ENABLE_MODULES = YES;
				CLANG_ENABLE_OBJC_ARC = YES;
				CLANG_ENABLE_OBJC_WEAK = YES;
				CLANG_WARN_BLOCK_CAPTURE_AUTORELEASING = YES;
				CLANG_WARN_BOOL_CONVERSION = YES;
				CLANG_WARN_COMMA = YES;
				CLANG_WARN_CONSTANT_CONVERSION = YES;
				CLANG_WARN_DEPRECATED_OBJC_IMPLEMENTATIONS = YES;
				CLANG_WARN_DIRECT_OBJC_ISA_USAGE = YES_ERROR;
				CLANG_WARN_DOCUMENTATION_COMMENTS = YES;
				CLANG_WARN_EMPTY_BODY = YES;
				CLANG_WARN_ENUM_CONVERSION = YES;
				CLANG_WARN_INFINITE_RECURSION = YES;
				CLANG_WARN_INT_CONVERSION = YES;
				CLANG_WARN_NON_LITERAL_NULL_CONVERSION = YES;
				CLANG_WARN_OBJC_IMPLICIT_RETAIN_SELF = YES;
				CLANG_WARN_OBJC_LITERAL_CONVERSION = YES;
				CLANG_WARN_OBJC_ROOT_CLASS = YES_ERROR;
				CLANG_WARN_QUOTED_INCLUDE_IN_FRAMEWORK_HEADER = YES;
				CLANG_WARN_RANGE_LOOP_ANALYSIS = YES;
				CLANG_WARN_STRICT_PROTOTYPES = YES;
				CLANG_WARN_SUSPICIOUS_MOVE = YES;
				CLANG_WARN_UNGUARDED_AVAILABILITY = YES_AGGRESSIVE;
				CLANG_WARN_UNREACHABLE_CODE = YES;
				CLANG_WARN__DUPLICATE_METHOD_MATCH = YES;
				CODE_SIGN_STYLE = Automatic;
				COPY_PHASE_STRIP = NO;
				CURRENT_PROJECT_VERSION = 1;
				DEBUG_INFORMATION_FORMAT = dwarf;
				DEVELOPMENT_TEAM = KX98K6BPAP;
				ENABLE_STRICT_OBJC_MSGSEND = YES;
				ENABLE_TESTABILITY = YES;
				ENABLE_USER_SCRIPT_SANDBOXING = YES;
				GCC_C_LANGUAGE_STANDARD = gnu11;
				GCC_DYNAMIC_NO_PIC = NO;
				GCC_NO_COMMON_BLOCKS = YES;
				GCC_OPTIMIZATION_LEVEL = 0;
				GCC_PREPROCESSOR_DEFINITIONS = (
					"$(inherited)",
					"DEBUG=1",
				);
				GCC_WARN_64_TO_32_BIT_CONVERSION = YES;
				GCC_WARN_ABOUT_RETURN_TYPE = YES_ERROR;
				GCC_WARN_UNDECLARED_SELECTOR = YES;
				GCC_WARN_UNINITIALIZED_AUTOS = YES_AGGRESSIVE;
				GCC_WARN_UNUSED_FUNCTION = YES;
				GCC_WARN_UNUSED_VARIABLE = YES;
				IPHONEOS_DEPLOYMENT_TARGET = 18.0;
				MACOSX_DEPLOYMENT_TARGET = 15.0;
				MARKETING_VERSION = 1.0;
				MTL_ENABLE_DEBUG_INFO = INCLUDE_SOURCE;
				MTL_FAST_MATH = YES;
				ONLY_ACTIVE_ARCH = YES;
				PRODUCT_NAME = "$(TARGET_NAME)";
				SWIFT_ACTIVE_COMPILATION_CONDITIONS = DEBUG;
				SWIFT_OPTIMIZATION_LEVEL = "-Onone";
				SWIFT_VERSION = 6.0;
			};
			name = Debug;
		};
		E2B98545A7287D81B3306A83 /* Debug */ = {
			isa = XCBuildConfiguration;
			buildSettings = {
				BUNDLE_LOADER = "$(TEST_HOST)";
				GENERATE_INFOPLIST_FILE = YES;
				LD_RUNPATH_SEARCH_PATHS = (
					"$(inherited)",
					"@executable_path/Frameworks",
					"@loader_path/Frameworks",
				);
				LIBRARY_SEARCH_PATHS = "$(BUILT_PRODUCTS_DIR)/RemnTypst";
				PRODUCT_BUNDLE_IDENTIFIER = "com.chemical-pink.remn.tests";
				SDKROOT = iphoneos;
				SWIFT_INCLUDE_PATHS = "$(PROJECT_DIR)/Typst/include";
				TARGETED_DEVICE_FAMILY = "1,2";
				TEST_HOST = "$(BUILT_PRODUCTS_DIR)/remn.app/remn";
			};
			name = Debug;
		};
		E968EDF039EEF89F5D38904D /* Release */ = {
			isa = XCBuildConfiguration;
			buildSettings = {
				ALWAYS_SEARCH_USER_PATHS = NO;
				ASSETCATALOG_COMPILER_APPICON_NAME = AppIcon;
				ASSETCATALOG_COMPILER_GLOBAL_ACCENT_COLOR_NAME = AccentColor;
				CLANG_ANALYZER_NONNULL = YES;
				CLANG_ANALYZER_NUMBER_OBJECT_CONVERSION = YES_AGGRESSIVE;
				CLANG_CXX_LANGUAGE_STANDARD = "gnu++14";
				CLANG_CXX_LIBRARY = "libc++";
				CLANG_ENABLE_MODULES = YES;
				CLANG_ENABLE_OBJC_ARC = YES;
				CLANG_ENABLE_OBJC_WEAK = YES;
				CLANG_WARN_BLOCK_CAPTURE_AUTORELEASING = YES;
				CLANG_WARN_BOOL_CONVERSION = YES;
				CLANG_WARN_COMMA = YES;
				CLANG_WARN_CONSTANT_CONVERSION = YES;
				CLANG_WARN_DEPRECATED_OBJC_IMPLEMENTATIONS = YES;
				CLANG_WARN_DIRECT_OBJC_ISA_USAGE = YES_ERROR;
				CLANG_WARN_DOCUMENTATION_COMMENTS = YES;
				CLANG_WARN_EMPTY_BODY = YES;
				CLANG_WARN_ENUM_CONVERSION = YES;
				CLANG_WARN_INFINITE_RECURSION = YES;
				CLANG_WARN_INT_CONVERSION = YES;
				CLANG_WARN_NON_LITERAL_NULL_CONVERSION = YES;
				CLANG_WARN_OBJC_IMPLICIT_RETAIN_SELF = YES;
				CLANG_WARN_OBJC_LITERAL_CONVERSION = YES;
				CLANG_WARN_OBJC_ROOT_CLASS = YES_ERROR;
				CLANG_WARN_QUOTED_INCLUDE_IN_FRAMEWORK_HEADER = YES;
				CLANG_WARN_RANGE_LOOP_ANALYSIS = YES;
				CLANG_WARN_STRICT_PROTOTYPES = YES;
				CLANG_WARN_SUSPICIOUS_MOVE = YES;
				CLANG_WARN_UNGUARDED_AVAILABILITY = YES_AGGRESSIVE;
				CLANG_WARN_UNREACHABLE_CODE = YES;
				CLANG_WARN__DUPLICATE_METHOD_MATCH = YES;
				CODE_SIGN_STYLE = Automatic;
				COPY_PHASE_STRIP = NO;
				CURRENT_PROJECT_VERSION = 1;
				DEBUG_INFORMATION_FORMAT = "dwarf-with-dsym";
				DEVELOPMENT_TEAM = KX98K6BPAP;
				ENABLE_NS_ASSERTIONS = NO;
				ENABLE_STRICT_OBJC_MSGSEND = YES;
				ENABLE_USER_SCRIPT_SANDBOXING = YES;
				GCC_C_LANGUAGE_STANDARD = gnu11;
				GCC_NO_COMMON_BLOCKS = YES;
				GCC_WARN_64_TO_32_BIT_CONVERSION = YES;
				GCC_WARN_ABOUT_RETURN_TYPE = YES_ERROR;
				GCC_WARN_UNDECLARED_SELECTOR = YES;
				GCC_WARN_UNINITIALIZED_AUTOS = YES_AGGRESSIVE;
				GCC_WARN_UNUSED_FUNCTION = YES;
				GCC_WARN_UNUSED_VARIABLE = YES;
				IPHONEOS_DEPLOYMENT_TARGET = 18.0;
				MACOSX_DEPLOYMENT_TARGET = 15.0;
				MARKETING_VERSION = 1.0;
				MTL_ENABLE_DEBUG_INFO = NO;
				MTL_FAST_MATH = YES;
				PRODUCT_NAME = "$(TARGET_NAME)";
				SWIFT_COMPILATION_MODE = wholemodule;
				SWIFT_OPTIMIZATION_LEVEL = "-O";
				SWIFT_VERSION = 6.0;
			};
			name = Release;
		};
/* End XCBuildConfiguration section */

/* Begin XCConfigurationList section */
		06D7E7323C290885F7B7AE4A /* Build configuration list for PBXNativeTarget "remn" */ = {
			isa = XCConfigurationList;
			buildConfigurations = (
				0E0605FEAA2A68A3879C53B9 /* Debug */,
				3BB90652CE0305BBE03D7E27 /* Release */,
			);
			defaultConfigurationIsVisible = 0;
			defaultConfigurationName = Debug;
		};
		B06685E1004B4AB0C2DC9B10 /* Build configuration list for PBXNativeTarget "remnTests" */ = {
			isa = XCConfigurationList;
			buildConfigurations = (
				E2B98545A7287D81B3306A83 /* Debug */,
				62A3E845A89D60CE7CB874BC /* Release */,
			);
			defaultConfigurationIsVisible = 0;
			defaultConfigurationName = Debug;
		};
		DCFDEFA9C7118DD53C003E8B /* Build configuration list for PBXProject "remn" */ = {
			isa = XCConfigurationList;
			buildConfigurations = (
				78B0524B8002C163834C542F /* Debug */,
				E968EDF039EEF89F5D38904D /* Release */,
			);
			defaultConfigurationIsVisible = 0;
			defaultConfigurationName = Debug;
		};
/* End XCConfigurationList section */

/* Begin XCRemoteSwiftPackageReference section */
		30411CD30A0608D93C74F88F /* XCRemoteSwiftPackageReference "swiftui-math" */ = {
			isa = XCRemoteSwiftPackageReference;
			repositoryURL = "https://github.com/gonzalezreal/swiftui-math.git";
			requirement = {
				kind = exactVersion;
				version = 0.1.0;
			};
		};
		453EB28F749380770B74B8B8 /* XCRemoteSwiftPackageReference "textual" */ = {
			isa = XCRemoteSwiftPackageReference;
			repositoryURL = "https://github.com/gonzalezreal/textual.git";
			requirement = {
				kind = exactVersion;
				version = 0.2.0;
			};
		};
		BCD6E6DC010B9706FDF2B479 /* XCRemoteSwiftPackageReference "swift-fsrs" */ = {
			isa = XCRemoteSwiftPackageReference;
			repositoryURL = "https://github.com/open-spaced-repetition/swift-fsrs.git";
			requirement = {
				kind = revision;
				revision = 4fbaf20184d62f82a9f44f343337c61a2c5483e9;
			};
		};
/* End XCRemoteSwiftPackageReference section */

/* Begin XCSwiftPackageProductDependency section */
		5174D1AE01955FB0D3DBD0A8 /* Textual */ = {
			isa = XCSwiftPackageProductDependency;
			package = 453EB28F749380770B74B8B8 /* XCRemoteSwiftPackageReference "textual" */;
			productName = Textual;
		};
		7620BA764C7F419A19C59B26 /* Textual */ = {
			isa = XCSwiftPackageProductDependency;
			package = 453EB28F749380770B74B8B8 /* XCRemoteSwiftPackageReference "textual" */;
			productName = Textual;
		};
		9C872FA061B2B00407064909 /* FSRS */ = {
			isa = XCSwiftPackageProductDependency;
			package = BCD6E6DC010B9706FDF2B479 /* XCRemoteSwiftPackageReference "swift-fsrs" */;
			productName = FSRS;
		};
		DD7828D10E9294004A691F89 /* SwiftUIMath */ = {
			isa = XCSwiftPackageProductDependency;
			package = 30411CD30A0608D93C74F88F /* XCRemoteSwiftPackageReference "swiftui-math" */;
			productName = SwiftUIMath;
		};
/* End XCSwiftPackageProductDependency section */
	};
	rootObject = 174B6AA881FD2A9939149198 /* Project object */;
}
